// !$*UTF8*$!
{
	archiveVersion = 1;
	classes = {
	};
	objectVersion = 48;
	objects = {

/* Begin PBXBuildFile section */
		5C4BF7E63C9AAB7B9882C7CA /* Pods_SouvenirsUITests.framework in Frameworks */ = {isa = PBXBuildFile; fileRef = D4380C2694FAA6DE6907190F /* Pods_SouvenirsUITests.framework */; };
		5D5BBA737767A48DBA498154 /* Pods_Souvenirs.framework in Frameworks */ = {isa = PBXBuildFile; fileRef = 8292B5E17F849977DB4F66EE /* Pods_Souvenirs.framework */; };
		74A4E49B28CF7B23281BC15E /* Pods_SouvenirsTests.framework in Frameworks */ = {isa = PBXBuildFile; fileRef = A024D1ED12E574F87145E16E /* Pods_SouvenirsTests.framework */; };
		C30301E920263851007079AC /* AFRO0.png in Resources */ = {isa = PBXBuildFile; fileRef = C30301AD20263851007079AC /* AFRO0.png */; };
		C30301EA20263851007079AC /* AFRO1.png in Resources */ = {isa = PBXBuildFile; fileRef = C30301AE20263851007079AC /* AFRO1.png */; };
		C30301EB20263851007079AC /* AFRO2.png in Resources */ = {isa = PBXBuildFile; fileRef = C30301AF20263851007079AC /* AFRO2.png */; };
		C30301EC20263851007079AC /* AFRO3.png in Resources */ = {isa = PBXBuildFile; fileRef = C30301B020263851007079AC /* AFRO3.png */; };
		C30301ED20263851007079AC /* BEARD0.png in Resources */ = {isa = PBXBuildFile; fileRef = C30301B220263851007079AC /* BEARD0.png */; };
		C30301EE20263851007079AC /* BEARD1.png in Resources */ = {isa = PBXBuildFile; fileRef = C30301B320263851007079AC /* BEARD1.png */; };
		C30301EF20263851007079AC /* BEARD2.png in Resources */ = {isa = PBXBuildFile; fileRef = C30301B420263851007079AC /* BEARD2.png */; };
		C30301F020263851007079AC /* BEARD3.png in Resources */ = {isa = PBXBuildFile; fileRef = C30301B520263851007079AC /* BEARD3.png */; };
		C30301F120263851007079AC /* BEARD4.png in Resources */ = {isa = PBXBuildFile; fileRef = C30301B620263851007079AC /* BEARD4.png */; };
		C30301F220263851007079AC /* BEARD5.png in Resources */ = {isa = PBXBuildFile; fileRef = C30301B720263851007079AC /* BEARD5.png */; };
		C30301F320263851007079AC /* BEARD6.png in Resources */ = {isa = PBXBuildFile; fileRef = C30301B820263851007079AC /* BEARD6.png */; };
		C30301F420263851007079AC /* BEARD7.png in Resources */ = {isa = PBXBuildFile; fileRef = C30301B920263851007079AC /* BEARD7.png */; };
		C30301F520263851007079AC /* BEARD8.png in Resources */ = {isa = PBXBuildFile; fileRef = C30301BA20263851007079AC /* BEARD8.png */; };
		C30301F620263851007079AC /* BEARD9.png in Resources */ = {isa = PBXBuildFile; fileRef = C30301BB20263851007079AC /* BEARD9.png */; };
		C30301F720263851007079AC /* Glass0.png in Resources */ = {isa = PBXBuildFile; fileRef = C30301BD20263851007079AC /* Glass0.png */; };
		C30301F820263851007079AC /* Glass1.png in Resources */ = {isa = PBXBuildFile; fileRef = C30301BE20263851007079AC /* Glass1.png */; };
		C30301F920263851007079AC /* Glass10.png in Resources */ = {isa = PBXBuildFile; fileRef = C30301BF20263851007079AC /* Glass10.png */; };
		C30301FA20263851007079AC /* Glass11.png in Resources */ = {isa = PBXBuildFile; fileRef = C30301C020263851007079AC /* Glass11.png */; };
		C30301FB20263851007079AC /* Glass12.png in Resources */ = {isa = PBXBuildFile; fileRef = C30301C120263851007079AC /* Glass12.png */; };
		C30301FC20263852007079AC /* Glass13.png in Resources */ = {isa = PBXBuildFile; fileRef = C30301C220263851007079AC /* Glass13.png */; };
		C30301FD20263852007079AC /* Glass14.png in Resources */ = {isa = PBXBuildFile; fileRef = C30301C320263851007079AC /* Glass14.png */; };
		C30301FE20263852007079AC /* Glass15.png in Resources */ = {isa = PBXBuildFile; fileRef = C30301C420263851007079AC /* Glass15.png */; };
		C30301FF20263852007079AC /* Glass16.png in Resources */ = {isa = PBXBuildFile; fileRef = C30301C520263851007079AC /* Glass16.png */; };
		C303020020263852007079AC /* Glass17.png in Resources */ = {isa = PBXBuildFile; fileRef = C30301C620263851007079AC /* Glass17.png */; };
		C303020120263852007079AC /* Glass2.png in Resources */ = {isa = PBXBuildFile; fileRef = C30301C720263851007079AC /* Glass2.png */; };
		C303020220263852007079AC /* Glass3.png in Resources */ = {isa = PBXBuildFile; fileRef = C30301C820263851007079AC /* Glass3.png */; };
		C303020320263852007079AC /* Glass4.png in Resources */ = {isa = PBXBuildFile; fileRef = C30301C920263851007079AC /* Glass4.png */; };
		C303020420263852007079AC /* Glass5.png in Resources */ = {isa = PBXBuildFile; fileRef = C30301CA20263851007079AC /* Glass5.png */; };
		C303020520263852007079AC /* Glass6.png in Resources */ = {isa = PBXBuildFile; fileRef = C30301CB20263851007079AC /* Glass6.png */; };
		C303020620263852007079AC /* Glass7.png in Resources */ = {isa = PBXBuildFile; fileRef = C30301CC20263851007079AC /* Glass7.png */; };
		C303020720263852007079AC /* Glass8.png in Resources */ = {isa = PBXBuildFile; fileRef = C30301CD20263851007079AC /* Glass8.png */; };
		C303020820263852007079AC /* Glass9.png in Resources */ = {isa = PBXBuildFile; fileRef = C30301CE20263851007079AC /* Glass9.png */; };
		C303020920263852007079AC /* Mustasch0.png in Resources */ = {isa = PBXBuildFile; fileRef = C30301D020263851007079AC /* Mustasch0.png */; };
		C303020A20263852007079AC /* Mustasch1.png in Resources */ = {isa = PBXBuildFile; fileRef = C30301D120263851007079AC /* Mustasch1.png */; };
		C303020B20263852007079AC /* Mustasch2.png in Resources */ = {isa = PBXBuildFile; fileRef = C30301D220263851007079AC /* Mustasch2.png */; };
		C303020C20263852007079AC /* Mustasch3.png in Resources */ = {isa = PBXBuildFile; fileRef = C30301D320263851007079AC /* Mustasch3.png */; };
		C303020D20263852007079AC /* Mustasch4.png in Resources */ = {isa = PBXBuildFile; fileRef = C30301D420263851007079AC /* Mustasch4.png */; };
		C303020E20263852007079AC /* Mustasch5.png in Resources */ = {isa = PBXBuildFile; fileRef = C30301D520263851007079AC /* Mustasch5.png */; };
		C303020F20263852007079AC /* Mustasch6.png in Resources */ = {isa = PBXBuildFile; fileRef = C30301D620263851007079AC /* Mustasch6.png */; };
		C303021020263852007079AC /* Mustasch7.png in Resources */ = {isa = PBXBuildFile; fileRef = C30301D720263851007079AC /* Mustasch7.png */; };
		C303021120263852007079AC /* Swag0.png in Resources */ = {isa = PBXBuildFile; fileRef = C30301D920263851007079AC /* Swag0.png */; };
		C303021220263852007079AC /* Swag1.png in Resources */ = {isa = PBXBuildFile; fileRef = C30301DA20263851007079AC /* Swag1.png */; };
		C303021320263852007079AC /* Swag10.png in Resources */ = {isa = PBXBuildFile; fileRef = C30301DB20263851007079AC /* Swag10.png */; };
		C303021420263852007079AC /* Swag11.jpg in Resources */ = {isa = PBXBuildFile; fileRef = C30301DC20263851007079AC /* Swag11.jpg */; };
		C303021520263852007079AC /* Swag12.png in Resources */ = {isa = PBXBuildFile; fileRef = C30301DD20263851007079AC /* Swag12.png */; };
		C303021620263852007079AC /* Swag13.png in Resources */ = {isa = PBXBuildFile; fileRef = C30301DE20263851007079AC /* Swag13.png */; };
		C303021720263852007079AC /* Swag14.png in Resources */ = {isa = PBXBuildFile; fileRef = C30301DF20263851007079AC /* Swag14.png */; };
		C303021820263852007079AC /* Swag15.png in Resources */ = {isa = PBXBuildFile; fileRef = C30301E020263851007079AC /* Swag15.png */; };
		C303021920263852007079AC /* Swag2.png in Resources */ = {isa = PBXBuildFile; fileRef = C30301E120263851007079AC /* Swag2.png */; };
		C303021A20263852007079AC /* Swag3.png in Resources */ = {isa = PBXBuildFile; fileRef = C30301E220263851007079AC /* Swag3.png */; };
		C303021B20263852007079AC /* Swag4.png in Resources */ = {isa = PBXBuildFile; fileRef = C30301E320263851007079AC /* Swag4.png */; };
		C303021C20263852007079AC /* Swag5.png in Resources */ = {isa = PBXBuildFile; fileRef = C30301E420263851007079AC /* Swag5.png */; };
		C303021D20263852007079AC /* Swag6.png in Resources */ = {isa = PBXBuildFile; fileRef = C30301E520263851007079AC /* Swag6.png */; };
		C303021E20263852007079AC /* Swag7.png in Resources */ = {isa = PBXBuildFile; fileRef = C30301E620263851007079AC /* Swag7.png */; };
		C303021F20263852007079AC /* Swag8.png in Resources */ = {isa = PBXBuildFile; fileRef = C30301E720263851007079AC /* Swag8.png */; };
		C303022020263852007079AC /* Swag9.png in Resources */ = {isa = PBXBuildFile; fileRef = C30301E820263851007079AC /* Swag9.png */; };
		C3030222202639D2007079AC /* StickerPanelView.swift in Sources */ = {isa = PBXBuildFile; fileRef = C3030221202639D2007079AC /* StickerPanelView.swift */; };
		C303022520264795007079AC /* UIViewExtension.swift in Sources */ = {isa = PBXBuildFile; fileRef = C303022420264795007079AC /* UIViewExtension.swift */; };
		C3030227202656A1007079AC /* StickerCategory.swift in Sources */ = {isa = PBXBuildFile; fileRef = C3030226202656A1007079AC /* StickerCategory.swift */; };
		C329A5AB2024553B006CE55B /* SelectViewController.swift in Sources */ = {isa = PBXBuildFile; fileRef = C329A5AA2024553B006CE55B /* SelectViewController.swift */; };
		C329A5AE20245C5E006CE55B /* Template.swift in Sources */ = {isa = PBXBuildFile; fileRef = C329A5AD20245C5E006CE55B /* Template.swift */; };
		C329A5B620246412006CE55B /* winnerbest2_bg.png in Resources */ = {isa = PBXBuildFile; fileRef = C329A5B220246411006CE55B /* winnerbest2_bg.png */; };
		C329A5B720246412006CE55B /* budmeme_bg.png in Resources */ = {isa = PBXBuildFile; fileRef = C329A5B320246411006CE55B /* budmeme_bg.png */; };
		C329A5B820246412006CE55B /* winnerbest1_bg.png in Resources */ = {isa = PBXBuildFile; fileRef = C329A5B420246411006CE55B /* winnerbest1_bg.png */; };
		C329A5B920246412006CE55B /* dankweed_bg.png in Resources */ = {isa = PBXBuildFile; fileRef = C329A5B520246411006CE55B /* dankweed_bg.png */; };
		C329A5BC20246842006CE55B /* TemplateCollectionViewCell.swift in Sources */ = {isa = PBXBuildFile; fileRef = C329A5BB20246842006CE55B /* TemplateCollectionViewCell.swift */; };
		C329A5BE2024C95C006CE55B /* MainViewController.swift in Sources */ = {isa = PBXBuildFile; fileRef = C329A5BD2024C95C006CE55B /* MainViewController.swift */; };
		C329A5C22025027C006CE55B /* DraggableImageView.swift in Sources */ = {isa = PBXBuildFile; fileRef = C329A5C12025027C006CE55B /* DraggableImageView.swift */; };
		C3331F5E20AEDB7A0033ADDA /* PickerDialog.swift in Sources */ = {isa = PBXBuildFile; fileRef = C3331F5D20AEDB7A0033ADDA /* PickerDialog.swift */; };
		C3331F6020AEEAE70033ADDA /* UIColorExtension.swift in Sources */ = {isa = PBXBuildFile; fileRef = C3331F5F20AEEAE70033ADDA /* UIColorExtension.swift */; };
		C3381672203B6ADF00490E7A /* losfa_thumb.png in Resources */ = {isa = PBXBuildFile; fileRef = C338166D203B6ADE00490E7A /* losfa_thumb.png */; };
		C3381673203B6ADF00490E7A /* wanted_bg.png in Resources */ = {isa = PBXBuildFile; fileRef = C338166E203B6ADE00490E7A /* wanted_bg.png */; };
		C3381674203B6ADF00490E7A /* losag_bg.png in Resources */ = {isa = PBXBuildFile; fileRef = C338166F203B6ADF00490E7A /* losag_bg.png */; };
		C3381675203B6ADF00490E7A /* losfa_bg.png in Resources */ = {isa = PBXBuildFile; fileRef = C3381670203B6ADF00490E7A /* losfa_bg.png */; };
		C3381676203B6ADF00490E7A /* losag_thumb.png in Resources */ = {isa = PBXBuildFile; fileRef = C3381671203B6ADF00490E7A /* losag_thumb.png */; };
		C3448C96207780D200DDC0F5 /* CoreGraphics.framework in Frameworks */ = {isa = PBXBuildFile; fileRef = C3448C95207780D200DDC0F5 /* CoreGraphics.framework */; };
		C34596522128A2B10078556C /* wanted_thumb.png in Resources */ = {isa = PBXBuildFile; fileRef = C34596512128A2B10078556C /* wanted_thumb.png */; };
		C346D72320230D4B00AACFED /* LaunchScreen.storyboard in Resources */ = {isa = PBXBuildFile; fileRef = C346D71F20230D4A00AACFED /* LaunchScreen.storyboard */; };
		C346D72420230D4B00AACFED /* Main.storyboard in Resources */ = {isa = PBXBuildFile; fileRef = C346D72120230D4A00AACFED /* Main.storyboard */; };
		C350C33420A39C100066F4F3 /* vrasta_high_bg.jpg in Resources */ = {isa = PBXBuildFile; fileRef = C350C33220A39C100066F4F3 /* vrasta_high_bg.jpg */; };
		C350C33520A39C100066F4F3 /* vrasta_high_front.png in Resources */ = {isa = PBXBuildFile; fileRef = C350C33320A39C100066F4F3 /* vrasta_high_front.png */; };
		C350C33720A3A3BD0066F4F3 /* vrasta_high_thumb.png in Resources */ = {isa = PBXBuildFile; fileRef = C350C33620A3A3BD0066F4F3 /* vrasta_high_thumb.png */; };
		C351F71C20DA366800B4DD49 /* chalice2_bg.png in Resources */ = {isa = PBXBuildFile; fileRef = C351F71820DA366800B4DD49 /* chalice2_bg.png */; };
		C351F71D20DA366800B4DD49 /* chalice4_bg.png in Resources */ = {isa = PBXBuildFile; fileRef = C351F71920DA366800B4DD49 /* chalice4_bg.png */; };
		C351F71E20DA366800B4DD49 /* chalice1_bg.png in Resources */ = {isa = PBXBuildFile; fileRef = C351F71A20DA366800B4DD49 /* chalice1_bg.png */; };
		C351F71F20DA366800B4DD49 /* chalice3_bg.png in Resources */ = {isa = PBXBuildFile; fileRef = C351F71B20DA366800B4DD49 /* chalice3_bg.png */; };
		C352F5A32077F09B0014714B /* opencv2.framework in Frameworks */ = {isa = PBXBuildFile; fileRef = C352F5A22077F09A0014714B /* opencv2.framework */; };
		C352F5A52077FD850014714B /* Accelerate.framework in Frameworks */ = {isa = PBXBuildFile; fileRef = C352F5A42077FD850014714B /* Accelerate.framework */; };
		C352F5A72077FD920014714B /* AssetsLibrary.framework in Frameworks */ = {isa = PBXBuildFile; fileRef = C352F5A62077FD910014714B /* AssetsLibrary.framework */; };
		C352F5A92077FD9C0014714B /* CoreMedia.framework in Frameworks */ = {isa = PBXBuildFile; fileRef = C352F5A82077FD9C0014714B /* CoreMedia.framework */; };
		C352F5AB2077FDA80014714B /* CoreImage.framework in Frameworks */ = {isa = PBXBuildFile; fileRef = C352F5AA2077FDA80014714B /* CoreImage.framework */; };
		C352F5AD2077FDBE0014714B /* AVFoundation.framework in Frameworks */ = {isa = PBXBuildFile; fileRef = C352F5AC2077FDBE0014714B /* AVFoundation.framework */; };
		C352F5D9207809FC0014714B /* Calc.cpp in Sources */ = {isa = PBXBuildFile; fileRef = C352F5B1207809FC0014714B /* Calc.cpp */; };
		C352F5DA207809FC0014714B /* cvblob.cpp in Sources */ = {isa = PBXBuildFile; fileRef = C352F5B3207809FC0014714B /* cvblob.cpp */; };
		C352F5DB207809FC0014714B /* 1_Step_1_1.dat in Resources */ = {isa = PBXBuildFile; fileRef = C352F5B6207809FC0014714B /* 1_Step_1_1.dat */; };
		C352F5DC207809FC0014714B /* 1_Step_1_2.dat in Resources */ = {isa = PBXBuildFile; fileRef = C352F5B7207809FC0014714B /* 1_Step_1_2.dat */; };
		C352F5DD207809FC0014714B /* 1_Step_1_3.dat in Resources */ = {isa = PBXBuildFile; fileRef = C352F5B8207809FC0014714B /* 1_Step_1_3.dat */; };
		C352F5DE207809FC0014714B /* 1_Step_2_1.dat in Resources */ = {isa = PBXBuildFile; fileRef = C352F5B9207809FC0014714B /* 1_Step_2_1.dat */; };
		C352F5DF207809FC0014714B /* 1_Step_2_2.dat in Resources */ = {isa = PBXBuildFile; fileRef = C352F5BA207809FC0014714B /* 1_Step_2_2.dat */; };
		C352F5E0207809FC0014714B /* 1_Step_2_3.dat in Resources */ = {isa = PBXBuildFile; fileRef = C352F5BB207809FC0014714B /* 1_Step_2_3.dat */; };
		C352F5E1207809FC0014714B /* 1_Step_3_1.dat in Resources */ = {isa = PBXBuildFile; fileRef = C352F5BC207809FC0014714B /* 1_Step_3_1.dat */; };
		C352F5E2207809FC0014714B /* 1_Step_3_2.dat in Resources */ = {isa = PBXBuildFile; fileRef = C352F5BD207809FC0014714B /* 1_Step_3_2.dat */; };
		C352F5E3207809FC0014714B /* 1_Step_3_3.dat in Resources */ = {isa = PBXBuildFile; fileRef = C352F5BE207809FC0014714B /* 1_Step_3_3.dat */; };
		C352F5E4207809FC0014714B /* 2_Step_1_1.dat in Resources */ = {isa = PBXBuildFile; fileRef = C352F5BF207809FC0014714B /* 2_Step_1_1.dat */; };
		C352F5E5207809FC0014714B /* 2_Step_1_2.dat in Resources */ = {isa = PBXBuildFile; fileRef = C352F5C0207809FC0014714B /* 2_Step_1_2.dat */; };
		C352F5E6207809FC0014714B /* 2_Step_1_3.dat in Resources */ = {isa = PBXBuildFile; fileRef = C352F5C1207809FC0014714B /* 2_Step_1_3.dat */; };
		C352F5E7207809FC0014714B /* 2_Step_2_1.dat in Resources */ = {isa = PBXBuildFile; fileRef = C352F5C2207809FC0014714B /* 2_Step_2_1.dat */; };
		C352F5E8207809FC0014714B /* 2_Step_2_2.dat in Resources */ = {isa = PBXBuildFile; fileRef = C352F5C3207809FC0014714B /* 2_Step_2_2.dat */; };
		C352F5E9207809FC0014714B /* 2_Step_2_3.dat in Resources */ = {isa = PBXBuildFile; fileRef = C352F5C4207809FC0014714B /* 2_Step_2_3.dat */; };
		C352F5EA207809FC0014714B /* 2_Step_3_1.dat in Resources */ = {isa = PBXBuildFile; fileRef = C352F5C5207809FC0014714B /* 2_Step_3_1.dat */; };
		C352F5EB207809FC0014714B /* 2_Step_3_2.dat in Resources */ = {isa = PBXBuildFile; fileRef = C352F5C6207809FC0014714B /* 2_Step_3_2.dat */; };
		C352F5EC207809FC0014714B /* 2_Step_3_3.dat in Resources */ = {isa = PBXBuildFile; fileRef = C352F5C7207809FC0014714B /* 2_Step_3_3.dat */; };
		C352F5ED207809FC0014714B /* rcpr_38_pflt_18.mem in Resources */ = {isa = PBXBuildFile; fileRef = C352F5C8207809FC0014714B /* rcpr_38_pflt_18.mem */; };
		C352F5EE207809FC0014714B /* rcpr_38_pn_4_flt_10.mem in Resources */ = {isa = PBXBuildFile; fileRef = C352F5C9207809FC0014714B /* rcpr_38_pn_4_flt_10.mem */; };
		C352F5EF207809FC0014714B /* rcpr_38_pn_4_flt_4.mem in Resources */ = {isa = PBXBuildFile; fileRef = C352F5CA207809FC0014714B /* rcpr_38_pn_4_flt_4.mem */; };
		C352F5F0207809FC0014714B /* rcpr_38_pn_4_sh_8.mem in Resources */ = {isa = PBXBuildFile; fileRef = C352F5CB207809FC0014714B /* rcpr_38_pn_4_sh_8.mem */; };
		C352F5F1207809FC0014714B /* rcpr_38_pn_4_sh_C.mem in Resources */ = {isa = PBXBuildFile; fileRef = C352F5CC207809FC0014714B /* rcpr_38_pn_4_sh_C.mem */; };
		C352F5F2207809FC0014714B /* rcpr_38_psh_10.mem in Resources */ = {isa = PBXBuildFile; fileRef = C352F5CD207809FC0014714B /* rcpr_38_psh_10.mem */; };
		C352F5F3207809FC0014714B /* rcpr_38_psh_14.mem in Resources */ = {isa = PBXBuildFile; fileRef = C352F5CE207809FC0014714B /* rcpr_38_psh_14.mem */; };
		C352F5F4207809FC0014714B /* FaceDetect.cpp in Sources */ = {isa = PBXBuildFile; fileRef = C352F5CF207809FC0014714B /* FaceDetect.cpp */; };
		C352F5F5207809FC0014714B /* LandmarkDetect.cpp in Sources */ = {isa = PBXBuildFile; fileRef = C352F5D1207809FC0014714B /* LandmarkDetect.cpp */; };
		C352F5F6207809FC0014714B /* MainProc.cpp in Sources */ = {isa = PBXBuildFile; fileRef = C352F5D3207809FC0014714B /* MainProc.cpp */; };
		C352F5F7207809FC0014714B /* nrutil.cpp in Sources */ = {isa = PBXBuildFile; fileRef = C352F5D5207809FC0014714B /* nrutil.cpp */; };
		C352F5FE20780CB90014714B /* ImageHelper.mm in Sources */ = {isa = PBXBuildFile; fileRef = C352F5FC20780CB90014714B /* ImageHelper.mm */; };
		C352F60120780F080014714B /* ImageObject.mm in Sources */ = {isa = PBXBuildFile; fileRef = C352F60020780F080014714B /* ImageObject.mm */; };
		C366DCFF2038327A00AB3334 /* User.swift in Sources */ = {isa = PBXBuildFile; fileRef = C366DCFE2038327A00AB3334 /* User.swift */; };
		C366DD012038348400AB3334 /* ActivationViewController.swift in Sources */ = {isa = PBXBuildFile; fileRef = C366DD002038348400AB3334 /* ActivationViewController.swift */; };
		C3733DFF2038058600398C6C /* GoogleService-Info.plist in Resources */ = {isa = PBXBuildFile; fileRef = C3733DFE2038058500398C6C /* GoogleService-Info.plist */; };
		C383313F20237252007339C1 /* LandingViewController.swift in Sources */ = {isa = PBXBuildFile; fileRef = C383313E20237252007339C1 /* LandingViewController.swift */; };
		C393912320AE0B360022D787 /* TextStickerView_iPhone.xib in Resources */ = {isa = PBXBuildFile; fileRef = C393912220AE0B360022D787 /* TextStickerView_iPhone.xib */; };
		C393912520AE1FF00022D787 /* TextStickerView.swift in Sources */ = {isa = PBXBuildFile; fileRef = C393912420AE1FF00022D787 /* TextStickerView.swift */; };
		C39CBE6C2020F84F009BBF02 /* AppDelegate.swift in Sources */ = {isa = PBXBuildFile; fileRef = C39CBE6B2020F84F009BBF02 /* AppDelegate.swift */; };
		C39CBE732020F84F009BBF02 /* Assets.xcassets in Resources */ = {isa = PBXBuildFile; fileRef = C39CBE722020F84F009BBF02 /* Assets.xcassets */; };
		C39CBE812020F850009BBF02 /* SouvenirsTests.swift in Sources */ = {isa = PBXBuildFile; fileRef = C39CBE802020F850009BBF02 /* SouvenirsTests.swift */; };
		C39CBE8C2020F850009BBF02 /* SouvenirsUITests.swift in Sources */ = {isa = PBXBuildFile; fileRef = C39CBE8B2020F850009BBF02 /* SouvenirsUITests.swift */; };
		C3AC9E6C202F88A800C4B7CF /* CHTStickerView.m in Sources */ = {isa = PBXBuildFile; fileRef = C3AC9E6B202F88A800C4B7CF /* CHTStickerView.m */; };
		C3C3602C20275412005A5442 /* StickerCollectionViewCell.swift in Sources */ = {isa = PBXBuildFile; fileRef = C3C3602B20275412005A5442 /* StickerCollectionViewCell.swift */; };
		C3C3603120276292005A5442 /* UIImageViewExtension.swift in Sources */ = {isa = PBXBuildFile; fileRef = C3C3603020276292005A5442 /* UIImageViewExtension.swift */; };
		C3D61C042076BE890007299A /* Common.swift in Sources */ = {isa = PBXBuildFile; fileRef = C3D61C032076BE890007299A /* Common.swift */; };
		C3D61C062076CD360007299A /* ImageViewController.swift in Sources */ = {isa = PBXBuildFile; fileRef = C3D61C052076CD360007299A /* ImageViewController.swift */; };
/* End PBXBuildFile section */

/* Begin PBXContainerItemProxy section */
		C39CBE7D2020F850009BBF02 /* PBXContainerItemProxy */ = {
			isa = PBXContainerItemProxy;
			containerPortal = C39CBE602020F84F009BBF02 /* Project object */;
			proxyType = 1;
			remoteGlobalIDString = C39CBE672020F84F009BBF02;
			remoteInfo = Souvenirs;
		};
		C39CBE882020F850009BBF02 /* PBXContainerItemProxy */ = {
			isa = PBXContainerItemProxy;
			containerPortal = C39CBE602020F84F009BBF02 /* Project object */;
			proxyType = 1;
			remoteGlobalIDString = C39CBE672020F84F009BBF02;
			remoteInfo = Souvenirs;
		};
/* End PBXContainerItemProxy section */

/* Begin PBXFileReference section */
		8292B5E17F849977DB4F66EE /* Pods_Souvenirs.framework */ = {isa = PBXFileReference; explicitFileType = wrapper.framework; includeInIndex = 0; path = Pods_Souvenirs.framework; sourceTree = BUILT_PRODUCTS_DIR; };
		A024D1ED12E574F87145E16E /* Pods_SouvenirsTests.framework */ = {isa = PBXFileReference; explicitFileType = wrapper.framework; includeInIndex = 0; path = Pods_SouvenirsTests.framework; sourceTree = BUILT_PRODUCTS_DIR; };
		A8B7DF3FD9A4B3DEA6CC6465 /* Pods-Souvenirs.debug.xcconfig */ = {isa = PBXFileReference; includeInIndex = 1; lastKnownFileType = text.xcconfig; name = "Pods-Souvenirs.debug.xcconfig"; path = "Pods/Target Support Files/Pods-Souvenirs/Pods-Souvenirs.debug.xcconfig"; sourceTree = "<group>"; };
		C30301AD20263851007079AC /* AFRO0.png */ = {isa = PBXFileReference; lastKnownFileType = image.png; path = AFRO0.png; sourceTree = "<group>"; };
		C30301AE20263851007079AC /* AFRO1.png */ = {isa = PBXFileReference; lastKnownFileType = image.png; path = AFRO1.png; sourceTree = "<group>"; };
		C30301AF20263851007079AC /* AFRO2.png */ = {isa = PBXFileReference; lastKnownFileType = image.png; path = AFRO2.png; sourceTree = "<group>"; };
		C30301B020263851007079AC /* AFRO3.png */ = {isa = PBXFileReference; lastKnownFileType = image.png; path = AFRO3.png; sourceTree = "<group>"; };
		C30301B220263851007079AC /* BEARD0.png */ = {isa = PBXFileReference; lastKnownFileType = image.png; path = BEARD0.png; sourceTree = "<group>"; };
		C30301B320263851007079AC /* BEARD1.png */ = {isa = PBXFileReference; lastKnownFileType = image.png; path = BEARD1.png; sourceTree = "<group>"; };
		C30301B420263851007079AC /* BEARD2.png */ = {isa = PBXFileReference; lastKnownFileType = image.png; path = BEARD2.png; sourceTree = "<group>"; };
		C30301B520263851007079AC /* BEARD3.png */ = {isa = PBXFileReference; lastKnownFileType = image.png; path = BEARD3.png; sourceTree = "<group>"; };
		C30301B620263851007079AC /* BEARD4.png */ = {isa = PBXFileReference; lastKnownFileType = image.png; path = BEARD4.png; sourceTree = "<group>"; };
		C30301B720263851007079AC /* BEARD5.png */ = {isa = PBXFileReference; lastKnownFileType = image.png; path = BEARD5.png; sourceTree = "<group>"; };
		C30301B820263851007079AC /* BEARD6.png */ = {isa = PBXFileReference; lastKnownFileType = image.png; path = BEARD6.png; sourceTree = "<group>"; };
		C30301B920263851007079AC /* BEARD7.png */ = {isa = PBXFileReference; lastKnownFileType = image.png; path = BEARD7.png; sourceTree = "<group>"; };
		C30301BA20263851007079AC /* BEARD8.png */ = {isa = PBXFileReference; lastKnownFileType = image.png; path = BEARD8.png; sourceTree = "<group>"; };
		C30301BB20263851007079AC /* BEARD9.png */ = {isa = PBXFileReference; lastKnownFileType = image.png; path = BEARD9.png; sourceTree = "<group>"; };
		C30301BD20263851007079AC /* Glass0.png */ = {isa = PBXFileReference; lastKnownFileType = image.png; path = Glass0.png; sourceTree = "<group>"; };
		C30301BE20263851007079AC /* Glass1.png */ = {isa = PBXFileReference; lastKnownFileType = image.png; path = Glass1.png; sourceTree = "<group>"; };
		C30301BF20263851007079AC /* Glass10.png */ = {isa = PBXFileReference; lastKnownFileType = image.png; path = Glass10.png; sourceTree = "<group>"; };
		C30301C020263851007079AC /* Glass11.png */ = {isa = PBXFileReference; lastKnownFileType = image.png; path = Glass11.png; sourceTree = "<group>"; };
		C30301C120263851007079AC /* Glass12.png */ = {isa = PBXFileReference; lastKnownFileType = image.png; path = Glass12.png; sourceTree = "<group>"; };
		C30301C220263851007079AC /* Glass13.png */ = {isa = PBXFileReference; lastKnownFileType = image.png; path = Glass13.png; sourceTree = "<group>"; };
		C30301C320263851007079AC /* Glass14.png */ = {isa = PBXFileReference; lastKnownFileType = image.png; path = Glass14.png; sourceTree = "<group>"; };
		C30301C420263851007079AC /* Glass15.png */ = {isa = PBXFileReference; lastKnownFileType = image.png; path = Glass15.png; sourceTree = "<group>"; };
		C30301C520263851007079AC /* Glass16.png */ = {isa = PBXFileReference; lastKnownFileType = image.png; path = Glass16.png; sourceTree = "<group>"; };
		C30301C620263851007079AC /* Glass17.png */ = {isa = PBXFileReference; lastKnownFileType = image.png; path = Glass17.png; sourceTree = "<group>"; };
		C30301C720263851007079AC /* Glass2.png */ = {isa = PBXFileReference; lastKnownFileType = image.png; path = Glass2.png; sourceTree = "<group>"; };
		C30301C820263851007079AC /* Glass3.png */ = {isa = PBXFileReference; lastKnownFileType = image.png; path = Glass3.png; sourceTree = "<group>"; };
		C30301C920263851007079AC /* Glass4.png */ = {isa = PBXFileReference; lastKnownFileType = image.png; path = Glass4.png; sourceTree = "<group>"; };
		C30301CA20263851007079AC /* Glass5.png */ = {isa = PBXFileReference; lastKnownFileType = image.png; path = Glass5.png; sourceTree = "<group>"; };
		C30301CB20263851007079AC /* Glass6.png */ = {isa = PBXFileReference; lastKnownFileType = image.png; path = Glass6.png; sourceTree = "<group>"; };
		C30301CC20263851007079AC /* Glass7.png */ = {isa = PBXFileReference; lastKnownFileType = image.png; path = Glass7.png; sourceTree = "<group>"; };
		C30301CD20263851007079AC /* Glass8.png */ = {isa = PBXFileReference; lastKnownFileType = image.png; path = Glass8.png; sourceTree = "<group>"; };
		C30301CE20263851007079AC /* Glass9.png */ = {isa = PBXFileReference; lastKnownFileType = image.png; path = Glass9.png; sourceTree = "<group>"; };
		C30301D020263851007079AC /* Mustasch0.png */ = {isa = PBXFileReference; lastKnownFileType = image.png; path = Mustasch0.png; sourceTree = "<group>"; };
		C30301D120263851007079AC /* Mustasch1.png */ = {isa = PBXFileReference; lastKnownFileType = image.png; path = Mustasch1.png; sourceTree = "<group>"; };
		C30301D220263851007079AC /* Mustasch2.png */ = {isa = PBXFileReference; lastKnownFileType = image.png; path = Mustasch2.png; sourceTree = "<group>"; };
		C30301D320263851007079AC /* Mustasch3.png */ = {isa = PBXFileReference; lastKnownFileType = image.png; path = Mustasch3.png; sourceTree = "<group>"; };
		C30301D420263851007079AC /* Mustasch4.png */ = {isa = PBXFileReference; lastKnownFileType = image.png; path = Mustasch4.png; sourceTree = "<group>"; };
		C30301D520263851007079AC /* Mustasch5.png */ = {isa = PBXFileReference; lastKnownFileType = image.png; path = Mustasch5.png; sourceTree = "<group>"; };
		C30301D620263851007079AC /* Mustasch6.png */ = {isa = PBXFileReference; lastKnownFileType = image.png; path = Mustasch6.png; sourceTree = "<group>"; };
		C30301D720263851007079AC /* Mustasch7.png */ = {isa = PBXFileReference; lastKnownFileType = image.png; path = Mustasch7.png; sourceTree = "<group>"; };
		C30301D920263851007079AC /* Swag0.png */ = {isa = PBXFileReference; lastKnownFileType = image.png; path = Swag0.png; sourceTree = "<group>"; };
		C30301DA20263851007079AC /* Swag1.png */ = {isa = PBXFileReference; lastKnownFileType = image.png; path = Swag1.png; sourceTree = "<group>"; };
		C30301DB20263851007079AC /* Swag10.png */ = {isa = PBXFileReference; lastKnownFileType = image.png; path = Swag10.png; sourceTree = "<group>"; };
		C30301DC20263851007079AC /* Swag11.jpg */ = {isa = PBXFileReference; lastKnownFileType = image.jpeg; path = Swag11.jpg; sourceTree = "<group>"; };
		C30301DD20263851007079AC /* Swag12.png */ = {isa = PBXFileReference; lastKnownFileType = image.png; path = Swag12.png; sourceTree = "<group>"; };
		C30301DE20263851007079AC /* Swag13.png */ = {isa = PBXFileReference; lastKnownFileType = image.png; path = Swag13.png; sourceTree = "<group>"; };
		C30301DF20263851007079AC /* Swag14.png */ = {isa = PBXFileReference; lastKnownFileType = image.png; path = Swag14.png; sourceTree = "<group>"; };
		C30301E020263851007079AC /* Swag15.png */ = {isa = PBXFileReference; lastKnownFileType = image.png; path = Swag15.png; sourceTree = "<group>"; };
		C30301E120263851007079AC /* Swag2.png */ = {isa = PBXFileReference; lastKnownFileType = image.png; path = Swag2.png; sourceTree = "<group>"; };
		C30301E220263851007079AC /* Swag3.png */ = {isa = PBXFileReference; lastKnownFileType = image.png; path = Swag3.png; sourceTree = "<group>"; };
		C30301E320263851007079AC /* Swag4.png */ = {isa = PBXFileReference; lastKnownFileType = image.png; path = Swag4.png; sourceTree = "<group>"; };
		C30301E420263851007079AC /* Swag5.png */ = {isa = PBXFileReference; lastKnownFileType = image.png; path = Swag5.png; sourceTree = "<group>"; };
		C30301E520263851007079AC /* Swag6.png */ = {isa = PBXFileReference; lastKnownFileType = image.png; path = Swag6.png; sourceTree = "<group>"; };
		C30301E620263851007079AC /* Swag7.png */ = {isa = PBXFileReference; lastKnownFileType = image.png; path = Swag7.png; sourceTree = "<group>"; };
		C30301E720263851007079AC /* Swag8.png */ = {isa = PBXFileReference; lastKnownFileType = image.png; path = Swag8.png; sourceTree = "<group>"; };
		C30301E820263851007079AC /* Swag9.png */ = {isa = PBXFileReference; lastKnownFileType = image.png; path = Swag9.png; sourceTree = "<group>"; };
		C3030221202639D2007079AC /* StickerPanelView.swift */ = {isa = PBXFileReference; lastKnownFileType = sourcecode.swift; path = StickerPanelView.swift; sourceTree = "<group>"; };
		C303022420264795007079AC /* UIViewExtension.swift */ = {isa = PBXFileReference; lastKnownFileType = sourcecode.swift; path = UIViewExtension.swift; sourceTree = "<group>"; };
		C3030226202656A1007079AC /* StickerCategory.swift */ = {isa = PBXFileReference; lastKnownFileType = sourcecode.swift; path = StickerCategory.swift; sourceTree = "<group>"; };
		C329A5AA2024553B006CE55B /* SelectViewController.swift */ = {isa = PBXFileReference; lastKnownFileType = sourcecode.swift; path = SelectViewController.swift; sourceTree = "<group>"; };
		C329A5AD20245C5E006CE55B /* Template.swift */ = {isa = PBXFileReference; lastKnownFileType = sourcecode.swift; path = Template.swift; sourceTree = "<group>"; };
		C329A5B220246411006CE55B /* winnerbest2_bg.png */ = {isa = PBXFileReference; lastKnownFileType = image.png; path = winnerbest2_bg.png; sourceTree = "<group>"; };
		C329A5B320246411006CE55B /* budmeme_bg.png */ = {isa = PBXFileReference; lastKnownFileType = image.png; path = budmeme_bg.png; sourceTree = "<group>"; };
		C329A5B420246411006CE55B /* winnerbest1_bg.png */ = {isa = PBXFileReference; lastKnownFileType = image.png; path = winnerbest1_bg.png; sourceTree = "<group>"; };
		C329A5B520246411006CE55B /* dankweed_bg.png */ = {isa = PBXFileReference; lastKnownFileType = image.png; path = dankweed_bg.png; sourceTree = "<group>"; };
		C329A5BB20246842006CE55B /* TemplateCollectionViewCell.swift */ = {isa = PBXFileReference; lastKnownFileType = sourcecode.swift; path = TemplateCollectionViewCell.swift; sourceTree = "<group>"; };
		C329A5BD2024C95C006CE55B /* MainViewController.swift */ = {isa = PBXFileReference; lastKnownFileType = sourcecode.swift; path = MainViewController.swift; sourceTree = "<group>"; };
		C329A5C12025027C006CE55B /* DraggableImageView.swift */ = {isa = PBXFileReference; lastKnownFileType = sourcecode.swift; path = DraggableImageView.swift; sourceTree = "<group>"; };
		C3331F5D20AEDB7A0033ADDA /* PickerDialog.swift */ = {isa = PBXFileReference; lastKnownFileType = sourcecode.swift; path = PickerDialog.swift; sourceTree = "<group>"; };
		C3331F5F20AEEAE70033ADDA /* UIColorExtension.swift */ = {isa = PBXFileReference; lastKnownFileType = sourcecode.swift; path = UIColorExtension.swift; sourceTree = "<group>"; };
		C338166D203B6ADE00490E7A /* losfa_thumb.png */ = {isa = PBXFileReference; lastKnownFileType = image.png; path = losfa_thumb.png; sourceTree = "<group>"; };
		C338166E203B6ADE00490E7A /* wanted_bg.png */ = {isa = PBXFileReference; lastKnownFileType = image.png; path = wanted_bg.png; sourceTree = "<group>"; };
		C338166F203B6ADF00490E7A /* losag_bg.png */ = {isa = PBXFileReference; lastKnownFileType = image.png; path = losag_bg.png; sourceTree = "<group>"; };
		C3381670203B6ADF00490E7A /* losfa_bg.png */ = {isa = PBXFileReference; lastKnownFileType = image.png; path = losfa_bg.png; sourceTree = "<group>"; };
		C3381671203B6ADF00490E7A /* losag_thumb.png */ = {isa = PBXFileReference; lastKnownFileType = image.png; path = losag_thumb.png; sourceTree = "<group>"; };
		C3448C8520777D0200DDC0F5 /* PrefixHeader.pch */ = {isa = PBXFileReference; fileEncoding = 4; lastKnownFileType = sourcecode.c.h; path = PrefixHeader.pch; sourceTree = "<group>"; };
		C3448C95207780D200DDC0F5 /* CoreGraphics.framework */ = {isa = PBXFileReference; lastKnownFileType = wrapper.framework; name = CoreGraphics.framework; path = System/Library/Frameworks/CoreGraphics.framework; sourceTree = SDKROOT; };
		C34596512128A2B10078556C /* wanted_thumb.png */ = {isa = PBXFileReference; lastKnownFileType = image.png; path = wanted_thumb.png; sourceTree = "<group>"; };
		C346D72020230D4A00AACFED /* Base */ = {isa = PBXFileReference; lastKnownFileType = file.storyboard; name = Base; path = Base.lproj/LaunchScreen.storyboard; sourceTree = "<group>"; };
		C346D72220230D4A00AACFED /* Base */ = {isa = PBXFileReference; lastKnownFileType = file.storyboard; name = Base; path = Base.lproj/Main.storyboard; sourceTree = "<group>"; };
		C34F2B9120799E3300443B66 /* SSE2NEON.h */ = {isa = PBXFileReference; fileEncoding = 4; lastKnownFileType = sourcecode.c.h; path = SSE2NEON.h; sourceTree = "<group>"; };
		C350C33220A39C100066F4F3 /* vrasta_high_bg.jpg */ = {isa = PBXFileReference; lastKnownFileType = image.jpeg; path = vrasta_high_bg.jpg; sourceTree = "<group>"; };
		C350C33320A39C100066F4F3 /* vrasta_high_front.png */ = {isa = PBXFileReference; lastKnownFileType = image.png; path = vrasta_high_front.png; sourceTree = "<group>"; };
		C350C33620A3A3BD0066F4F3 /* vrasta_high_thumb.png */ = {isa = PBXFileReference; lastKnownFileType = image.png; path = vrasta_high_thumb.png; sourceTree = "<group>"; };
		C351F71820DA366800B4DD49 /* chalice2_bg.png */ = {isa = PBXFileReference; lastKnownFileType = image.png; path = chalice2_bg.png; sourceTree = "<group>"; };
		C351F71920DA366800B4DD49 /* chalice4_bg.png */ = {isa = PBXFileReference; lastKnownFileType = image.png; path = chalice4_bg.png; sourceTree = "<group>"; };
		C351F71A20DA366800B4DD49 /* chalice1_bg.png */ = {isa = PBXFileReference; lastKnownFileType = image.png; path = chalice1_bg.png; sourceTree = "<group>"; };
		C351F71B20DA366800B4DD49 /* chalice3_bg.png */ = {isa = PBXFileReference; lastKnownFileType = image.png; path = chalice3_bg.png; sourceTree = "<group>"; };
		C352F5A02077F07C0014714B /* Framework */ = {isa = PBXFileReference; lastKnownFileType = folder; path = Framework; sourceTree = "<group>"; };
		C352F5A22077F09A0014714B /* opencv2.framework */ = {isa = PBXFileReference; lastKnownFileType = wrapper.framework; name = opencv2.framework; path = Framework/opencv2.framework; sourceTree = "<group>"; };
		C352F5A42077FD850014714B /* Accelerate.framework */ = {isa = PBXFileReference; lastKnownFileType = wrapper.framework; name = Accelerate.framework; path = System/Library/Frameworks/Accelerate.framework; sourceTree = SDKROOT; };
		C352F5A62077FD910014714B /* AssetsLibrary.framework */ = {isa = PBXFileReference; lastKnownFileType = wrapper.framework; name = AssetsLibrary.framework; path = System/Library/Frameworks/AssetsLibrary.framework; sourceTree = SDKROOT; };
		C352F5A82077FD9C0014714B /* CoreMedia.framework */ = {isa = PBXFileReference; lastKnownFileType = wrapper.framework; name = CoreMedia.framework; path = System/Library/Frameworks/CoreMedia.framework; sourceTree = SDKROOT; };
		C352F5AA2077FDA80014714B /* CoreImage.framework */ = {isa = PBXFileReference; lastKnownFileType = wrapper.framework; name = CoreImage.framework; path = System/Library/Frameworks/CoreImage.framework; sourceTree = SDKROOT; };
		C352F5AC2077FDBE0014714B /* AVFoundation.framework */ = {isa = PBXFileReference; lastKnownFileType = wrapper.framework; name = AVFoundation.framework; path = System/Library/Frameworks/AVFoundation.framework; sourceTree = SDKROOT; };
		C352F5B1207809FC0014714B /* Calc.cpp */ = {isa = PBXFileReference; fileEncoding = 4; lastKnownFileType = sourcecode.cpp.cpp; path = Calc.cpp; sourceTree = "<group>"; };
		C352F5B2207809FC0014714B /* Calc.h */ = {isa = PBXFileReference; fileEncoding = 4; lastKnownFileType = sourcecode.c.h; path = Calc.h; sourceTree = "<group>"; };
		C352F5B3207809FC0014714B /* cvblob.cpp */ = {isa = PBXFileReference; fileEncoding = 4; lastKnownFileType = sourcecode.cpp.cpp; path = cvblob.cpp; sourceTree = "<group>"; };
		C352F5B4207809FC0014714B /* cvblob.h */ = {isa = PBXFileReference; fileEncoding = 4; lastKnownFileType = sourcecode.c.h; path = cvblob.h; sourceTree = "<group>"; };
		C352F5B6207809FC0014714B /* 1_Step_1_1.dat */ = {isa = PBXFileReference; lastKnownFileType = file; path = 1_Step_1_1.dat; sourceTree = "<group>"; };
		C352F5B7207809FC0014714B /* 1_Step_1_2.dat */ = {isa = PBXFileReference; lastKnownFileType = file; path = 1_Step_1_2.dat; sourceTree = "<group>"; };
		C352F5B8207809FC0014714B /* 1_Step_1_3.dat */ = {isa = PBXFileReference; lastKnownFileType = file; path = 1_Step_1_3.dat; sourceTree = "<group>"; };
		C352F5B9207809FC0014714B /* 1_Step_2_1.dat */ = {isa = PBXFileReference; lastKnownFileType = file; path = 1_Step_2_1.dat; sourceTree = "<group>"; };
		C352F5BA207809FC0014714B /* 1_Step_2_2.dat */ = {isa = PBXFileReference; lastKnownFileType = file; path = 1_Step_2_2.dat; sourceTree = "<group>"; };
		C352F5BB207809FC0014714B /* 1_Step_2_3.dat */ = {isa = PBXFileReference; lastKnownFileType = file; path = 1_Step_2_3.dat; sourceTree = "<group>"; };
		C352F5BC207809FC0014714B /* 1_Step_3_1.dat */ = {isa = PBXFileReference; lastKnownFileType = file; path = 1_Step_3_1.dat; sourceTree = "<group>"; };
		C352F5BD207809FC0014714B /* 1_Step_3_2.dat */ = {isa = PBXFileReference; lastKnownFileType = file; path = 1_Step_3_2.dat; sourceTree = "<group>"; };
		C352F5BE207809FC0014714B /* 1_Step_3_3.dat */ = {isa = PBXFileReference; lastKnownFileType = file; path = 1_Step_3_3.dat; sourceTree = "<group>"; };
		C352F5BF207809FC0014714B /* 2_Step_1_1.dat */ = {isa = PBXFileReference; lastKnownFileType = file; path = 2_Step_1_1.dat; sourceTree = "<group>"; };
		C352F5C0207809FC0014714B /* 2_Step_1_2.dat */ = {isa = PBXFileReference; lastKnownFileType = file; path = 2_Step_1_2.dat; sourceTree = "<group>"; };
		C352F5C1207809FC0014714B /* 2_Step_1_3.dat */ = {isa = PBXFileReference; lastKnownFileType = file; path = 2_Step_1_3.dat; sourceTree = "<group>"; };
		C352F5C2207809FC0014714B /* 2_Step_2_1.dat */ = {isa = PBXFileReference; lastKnownFileType = file; path = 2_Step_2_1.dat; sourceTree = "<group>"; };
		C352F5C3207809FC0014714B /* 2_Step_2_2.dat */ = {isa = PBXFileReference; lastKnownFileType = file; path = 2_Step_2_2.dat; sourceTree = "<group>"; };
		C352F5C4207809FC0014714B /* 2_Step_2_3.dat */ = {isa = PBXFileReference; lastKnownFileType = file; path = 2_Step_2_3.dat; sourceTree = "<group>"; };
		C352F5C5207809FC0014714B /* 2_Step_3_1.dat */ = {isa = PBXFileReference; lastKnownFileType = file; path = 2_Step_3_1.dat; sourceTree = "<group>"; };
		C352F5C6207809FC0014714B /* 2_Step_3_2.dat */ = {isa = PBXFileReference; lastKnownFileType = file; path = 2_Step_3_2.dat; sourceTree = "<group>"; };
		C352F5C7207809FC0014714B /* 2_Step_3_3.dat */ = {isa = PBXFileReference; lastKnownFileType = file; path = 2_Step_3_3.dat; sourceTree = "<group>"; };
		C352F5C8207809FC0014714B /* rcpr_38_pflt_18.mem */ = {isa = PBXFileReference; lastKnownFileType = file; path = rcpr_38_pflt_18.mem; sourceTree = "<group>"; };
		C352F5C9207809FC0014714B /* rcpr_38_pn_4_flt_10.mem */ = {isa = PBXFileReference; fileEncoding = 4; lastKnownFileType = text; path = rcpr_38_pn_4_flt_10.mem; sourceTree = "<group>"; };
		C352F5CA207809FC0014714B /* rcpr_38_pn_4_flt_4.mem */ = {isa = PBXFileReference; lastKnownFileType = file; path = rcpr_38_pn_4_flt_4.mem; sourceTree = "<group>"; };
		C352F5CB207809FC0014714B /* rcpr_38_pn_4_sh_8.mem */ = {isa = PBXFileReference; lastKnownFileType = file; path = rcpr_38_pn_4_sh_8.mem; sourceTree = "<group>"; };
		C352F5CC207809FC0014714B /* rcpr_38_pn_4_sh_C.mem */ = {isa = PBXFileReference; lastKnownFileType = file; path = rcpr_38_pn_4_sh_C.mem; sourceTree = "<group>"; };
		C352F5CD207809FC0014714B /* rcpr_38_psh_10.mem */ = {isa = PBXFileReference; lastKnownFileType = file; path = rcpr_38_psh_10.mem; sourceTree = "<group>"; };
		C352F5CE207809FC0014714B /* rcpr_38_psh_14.mem */ = {isa = PBXFileReference; lastKnownFileType = file; path = rcpr_38_psh_14.mem; sourceTree = "<group>"; };
		C352F5CF207809FC0014714B /* FaceDetect.cpp */ = {isa = PBXFileReference; fileEncoding = 4; lastKnownFileType = sourcecode.cpp.cpp; path = FaceDetect.cpp; sourceTree = "<group>"; };
		C352F5D0207809FC0014714B /* FaceDetect.h */ = {isa = PBXFileReference; fileEncoding = 4; lastKnownFileType = sourcecode.c.h; path = FaceDetect.h; sourceTree = "<group>"; };
		C352F5D1207809FC0014714B /* LandmarkDetect.cpp */ = {isa = PBXFileReference; fileEncoding = 4; lastKnownFileType = sourcecode.cpp.cpp; path = LandmarkDetect.cpp; sourceTree = "<group>"; };
		C352F5D2207809FC0014714B /* LandmarkDetect.h */ = {isa = PBXFileReference; fileEncoding = 4; lastKnownFileType = sourcecode.c.h; path = LandmarkDetect.h; sourceTree = "<group>"; };
		C352F5D3207809FC0014714B /* MainProc.cpp */ = {isa = PBXFileReference; fileEncoding = 4; lastKnownFileType = sourcecode.cpp.cpp; path = MainProc.cpp; sourceTree = "<group>"; };
		C352F5D4207809FC0014714B /* MainProc.h */ = {isa = PBXFileReference; fileEncoding = 4; lastKnownFileType = sourcecode.c.h; path = MainProc.h; sourceTree = "<group>"; };
		C352F5D5207809FC0014714B /* nrutil.cpp */ = {isa = PBXFileReference; fileEncoding = 4; lastKnownFileType = sourcecode.cpp.cpp; path = nrutil.cpp; sourceTree = "<group>"; };
		C352F5D6207809FC0014714B /* nrutil.h */ = {isa = PBXFileReference; fileEncoding = 4; lastKnownFileType = sourcecode.c.h; path = nrutil.h; sourceTree = "<group>"; };
		C352F5FC20780CB90014714B /* ImageHelper.mm */ = {isa = PBXFileReference; fileEncoding = 4; lastKnownFileType = sourcecode.cpp.objcpp; path = ImageHelper.mm; sourceTree = "<group>"; };
		C352F5FD20780CB90014714B /* ImageHelper.h */ = {isa = PBXFileReference; fileEncoding = 4; lastKnownFileType = sourcecode.c.h; path = ImageHelper.h; sourceTree = "<group>"; };
		C352F5FF20780F080014714B /* ImageObject.h */ = {isa = PBXFileReference; lastKnownFileType = sourcecode.c.h; path = ImageObject.h; sourceTree = "<group>"; };
		C352F60020780F080014714B /* ImageObject.mm */ = {isa = PBXFileReference; lastKnownFileType = sourcecode.cpp.objcpp; path = ImageObject.mm; sourceTree = "<group>"; };
		C352F602207817690014714B /* ObjCBridgeHeader.h */ = {isa = PBXFileReference; lastKnownFileType = sourcecode.c.h; path = ObjCBridgeHeader.h; sourceTree = "<group>"; };
		C366DCFE2038327A00AB3334 /* User.swift */ = {isa = PBXFileReference; lastKnownFileType = sourcecode.swift; path = User.swift; sourceTree = "<group>"; };
		C366DD002038348400AB3334 /* ActivationViewController.swift */ = {isa = PBXFileReference; lastKnownFileType = sourcecode.swift; path = ActivationViewController.swift; sourceTree = "<group>"; };
		C3733DFE2038058500398C6C /* GoogleService-Info.plist */ = {isa = PBXFileReference; fileEncoding = 4; lastKnownFileType = text.plist.xml; path = "GoogleService-Info.plist"; sourceTree = "<group>"; };
		C383313E20237252007339C1 /* LandingViewController.swift */ = {isa = PBXFileReference; lastKnownFileType = sourcecode.swift; path = LandingViewController.swift; sourceTree = "<group>"; };
		C393912220AE0B360022D787 /* TextStickerView_iPhone.xib */ = {isa = PBXFileReference; lastKnownFileType = file.xib; path = TextStickerView_iPhone.xib; sourceTree = "<group>"; };
		C393912420AE1FF00022D787 /* TextStickerView.swift */ = {isa = PBXFileReference; lastKnownFileType = sourcecode.swift; path = TextStickerView.swift; sourceTree = "<group>"; };
		C39CBE682020F84F009BBF02 /* Souvenirs.app */ = {isa = PBXFileReference; explicitFileType = wrapper.application; includeInIndex = 0; path = Souvenirs.app; sourceTree = BUILT_PRODUCTS_DIR; };
		C39CBE6B2020F84F009BBF02 /* AppDelegate.swift */ = {isa = PBXFileReference; lastKnownFileType = sourcecode.swift; path = AppDelegate.swift; sourceTree = "<group>"; };
		C39CBE722020F84F009BBF02 /* Assets.xcassets */ = {isa = PBXFileReference; lastKnownFileType = folder.assetcatalog; path = Assets.xcassets; sourceTree = "<group>"; };
		C39CBE772020F84F009BBF02 /* Info.plist */ = {isa = PBXFileReference; lastKnownFileType = text.plist.xml; path = Info.plist; sourceTree = "<group>"; };
		C39CBE7C2020F850009BBF02 /* SouvenirsTests.xctest */ = {isa = PBXFileReference; explicitFileType = wrapper.cfbundle; includeInIndex = 0; path = SouvenirsTests.xctest; sourceTree = BUILT_PRODUCTS_DIR; };
		C39CBE802020F850009BBF02 /* SouvenirsTests.swift */ = {isa = PBXFileReference; lastKnownFileType = sourcecode.swift; path = SouvenirsTests.swift; sourceTree = "<group>"; };
		C39CBE822020F850009BBF02 /* Info.plist */ = {isa = PBXFileReference; lastKnownFileType = text.plist.xml; path = Info.plist; sourceTree = "<group>"; };
		C39CBE872020F850009BBF02 /* SouvenirsUITests.xctest */ = {isa = PBXFileReference; explicitFileType = wrapper.cfbundle; includeInIndex = 0; path = SouvenirsUITests.xctest; sourceTree = BUILT_PRODUCTS_DIR; };
		C39CBE8B2020F850009BBF02 /* SouvenirsUITests.swift */ = {isa = PBXFileReference; lastKnownFileType = sourcecode.swift; path = SouvenirsUITests.swift; sourceTree = "<group>"; };
		C39CBE8D2020F850009BBF02 /* Info.plist */ = {isa = PBXFileReference; lastKnownFileType = text.plist.xml; path = Info.plist; sourceTree = "<group>"; };
		C3AC9E6A202F88A800C4B7CF /* CHTStickerView.h */ = {isa = PBXFileReference; fileEncoding = 4; lastKnownFileType = sourcecode.c.h; path = CHTStickerView.h; sourceTree = "<group>"; };
		C3AC9E6B202F88A800C4B7CF /* CHTStickerView.m */ = {isa = PBXFileReference; fileEncoding = 4; lastKnownFileType = sourcecode.c.objc; path = CHTStickerView.m; sourceTree = "<group>"; };
		C3C3602B20275412005A5442 /* StickerCollectionViewCell.swift */ = {isa = PBXFileReference; lastKnownFileType = sourcecode.swift; path = StickerCollectionViewCell.swift; sourceTree = "<group>"; };
		C3C3603020276292005A5442 /* UIImageViewExtension.swift */ = {isa = PBXFileReference; lastKnownFileType = sourcecode.swift; path = UIImageViewExtension.swift; sourceTree = "<group>"; };
		C3D61C032076BE890007299A /* Common.swift */ = {isa = PBXFileReference; lastKnownFileType = sourcecode.swift; path = Common.swift; sourceTree = "<group>"; };
		C3D61C052076CD360007299A /* ImageViewController.swift */ = {isa = PBXFileReference; lastKnownFileType = sourcecode.swift; path = ImageViewController.swift; sourceTree = "<group>"; };
		C565C68F7C2D98404FEA2EF6 /* Pods-SouvenirsUITests.debug.xcconfig */ = {isa = PBXFileReference; includeInIndex = 1; lastKnownFileType = text.xcconfig; name = "Pods-SouvenirsUITests.debug.xcconfig"; path = "Pods/Target Support Files/Pods-SouvenirsUITests/Pods-SouvenirsUITests.debug.xcconfig"; sourceTree = "<group>"; };
		D4380C2694FAA6DE6907190F /* Pods_SouvenirsUITests.framework */ = {isa = PBXFileReference; explicitFileType = wrapper.framework; includeInIndex = 0; path = Pods_SouvenirsUITests.framework; sourceTree = BUILT_PRODUCTS_DIR; };
		E6A02C7749461B7C050B972F /* Pods-SouvenirsTests.debug.xcconfig */ = {isa = PBXFileReference; includeInIndex = 1; lastKnownFileType = text.xcconfig; name = "Pods-SouvenirsTests.debug.xcconfig"; path = "Pods/Target Support Files/Pods-SouvenirsTests/Pods-SouvenirsTests.debug.xcconfig"; sourceTree = "<group>"; };
		EAB9424939F991A5BE6610DA /* Pods-SouvenirsUITests.release.xcconfig */ = {isa = PBXFileReference; includeInIndex = 1; lastKnownFileType = text.xcconfig; name = "Pods-SouvenirsUITests.release.xcconfig"; path = "Pods/Target Support Files/Pods-SouvenirsUITests/Pods-SouvenirsUITests.release.xcconfig"; sourceTree = "<group>"; };
		ED7C26E51F96BCEA5AC09E85 /* Pods-SouvenirsTests.release.xcconfig */ = {isa = PBXFileReference; includeInIndex = 1; lastKnownFileType = text.xcconfig; name = "Pods-SouvenirsTests.release.xcconfig"; path = "Pods/Target Support Files/Pods-SouvenirsTests/Pods-SouvenirsTests.release.xcconfig"; sourceTree = "<group>"; };
		FC581FF7B4F4DE90E6BD832C /* Pods-Souvenirs.release.xcconfig */ = {isa = PBXFileReference; includeInIndex = 1; lastKnownFileType = text.xcconfig; name = "Pods-Souvenirs.release.xcconfig"; path = "Pods/Target Support Files/Pods-Souvenirs/Pods-Souvenirs.release.xcconfig"; sourceTree = "<group>"; };
/* End PBXFileReference section */

/* Begin PBXFrameworksBuildPhase section */
		C39CBE652020F84F009BBF02 /* Frameworks */ = {
			isa = PBXFrameworksBuildPhase;
			buildActionMask = 2147483647;
			files = (
				C352F5AD2077FDBE0014714B /* AVFoundation.framework in Frameworks */,
				C352F5AB2077FDA80014714B /* CoreImage.framework in Frameworks */,
				C352F5A92077FD9C0014714B /* CoreMedia.framework in Frameworks */,
				C352F5A72077FD920014714B /* AssetsLibrary.framework in Frameworks */,
				C352F5A52077FD850014714B /* Accelerate.framework in Frameworks */,
				C352F5A32077F09B0014714B /* opencv2.framework in Frameworks */,
				C3448C96207780D200DDC0F5 /* CoreGraphics.framework in Frameworks */,
				5D5BBA737767A48DBA498154 /* Pods_Souvenirs.framework in Frameworks */,
			);
			runOnlyForDeploymentPostprocessing = 0;
		};
		C39CBE792020F850009BBF02 /* Frameworks */ = {
			isa = PBXFrameworksBuildPhase;
			buildActionMask = 2147483647;
			files = (
				74A4E49B28CF7B23281BC15E /* Pods_SouvenirsTests.framework in Frameworks */,
			);
			runOnlyForDeploymentPostprocessing = 0;
		};
		C39CBE842020F850009BBF02 /* Frameworks */ = {
			isa = PBXFrameworksBuildPhase;
			buildActionMask = 2147483647;
			files = (
				5C4BF7E63C9AAB7B9882C7CA /* Pods_SouvenirsUITests.framework in Frameworks */,
			);
			runOnlyForDeploymentPostprocessing = 0;
		};
/* End PBXFrameworksBuildPhase section */

/* Begin PBXGroup section */
		631AEB83E92FA9BEA1AC20F6 /* Frameworks */ = {
			isa = PBXGroup;
			children = (
				C352F5AC2077FDBE0014714B /* AVFoundation.framework */,
				C352F5AA2077FDA80014714B /* CoreImage.framework */,
				C352F5A82077FD9C0014714B /* CoreMedia.framework */,
				C352F5A62077FD910014714B /* AssetsLibrary.framework */,
				C352F5A42077FD850014714B /* Accelerate.framework */,
				C352F5A22077F09A0014714B /* opencv2.framework */,
				C3448C95207780D200DDC0F5 /* CoreGraphics.framework */,
				8292B5E17F849977DB4F66EE /* Pods_Souvenirs.framework */,
				A024D1ED12E574F87145E16E /* Pods_SouvenirsTests.framework */,
				D4380C2694FAA6DE6907190F /* Pods_SouvenirsUITests.framework */,
			);
			name = Frameworks;
			sourceTree = "<group>";
		};
		9AAD3D4FFEE88EC214415B90 /* Pods */ = {
			isa = PBXGroup;
			children = (
				A8B7DF3FD9A4B3DEA6CC6465 /* Pods-Souvenirs.debug.xcconfig */,
				FC581FF7B4F4DE90E6BD832C /* Pods-Souvenirs.release.xcconfig */,
				E6A02C7749461B7C050B972F /* Pods-SouvenirsTests.debug.xcconfig */,
				ED7C26E51F96BCEA5AC09E85 /* Pods-SouvenirsTests.release.xcconfig */,
				C565C68F7C2D98404FEA2EF6 /* Pods-SouvenirsUITests.debug.xcconfig */,
				EAB9424939F991A5BE6610DA /* Pods-SouvenirsUITests.release.xcconfig */,
			);
			name = Pods;
			sourceTree = "<group>";
		};
		C30301AA20263457007079AC /* StickerPanelView */ = {
			isa = PBXGroup;
			children = (
				C3030221202639D2007079AC /* StickerPanelView.swift */,
				C3C3602B20275412005A5442 /* StickerCollectionViewCell.swift */,
			);
			path = StickerPanelView;
			sourceTree = "<group>";
		};
		C30301AB20263851007079AC /* Sticker */ = {
			isa = PBXGroup;
			children = (
				C30301AC20263851007079AC /* Afro */,
				C30301B120263851007079AC /* Beard */,
				C30301BC20263851007079AC /* Glass */,
				C30301CF20263851007079AC /* Mustasch */,
				C30301D820263851007079AC /* Swags */,
			);
			path = Sticker;
			sourceTree = "<group>";
		};
		C30301AC20263851007079AC /* Afro */ = {
			isa = PBXGroup;
			children = (
				C30301AD20263851007079AC /* AFRO0.png */,
				C30301AE20263851007079AC /* AFRO1.png */,
				C30301AF20263851007079AC /* AFRO2.png */,
				C30301B020263851007079AC /* AFRO3.png */,
			);
			path = Afro;
			sourceTree = "<group>";
		};
		C30301B120263851007079AC /* Beard */ = {
			isa = PBXGroup;
			children = (
				C30301B220263851007079AC /* BEARD0.png */,
				C30301B320263851007079AC /* BEARD1.png */,
				C30301B420263851007079AC /* BEARD2.png */,
				C30301B520263851007079AC /* BEARD3.png */,
				C30301B620263851007079AC /* BEARD4.png */,
				C30301B720263851007079AC /* BEARD5.png */,
				C30301B820263851007079AC /* BEARD6.png */,
				C30301B920263851007079AC /* BEARD7.png */,
				C30301BA20263851007079AC /* BEARD8.png */,
				C30301BB20263851007079AC /* BEARD9.png */,
			);
			path = Beard;
			sourceTree = "<group>";
		};
		C30301BC20263851007079AC /* Glass */ = {
			isa = PBXGroup;
			children = (
				C30301BD20263851007079AC /* Glass0.png */,
				C30301BE20263851007079AC /* Glass1.png */,
				C30301BF20263851007079AC /* Glass10.png */,
				C30301C020263851007079AC /* Glass11.png */,
				C30301C120263851007079AC /* Glass12.png */,
				C30301C220263851007079AC /* Glass13.png */,
				C30301C320263851007079AC /* Glass14.png */,
				C30301C420263851007079AC /* Glass15.png */,
				C30301C520263851007079AC /* Glass16.png */,
				C30301C620263851007079AC /* Glass17.png */,
				C30301C720263851007079AC /* Glass2.png */,
				C30301C820263851007079AC /* Glass3.png */,
				C30301C920263851007079AC /* Glass4.png */,
				C30301CA20263851007079AC /* Glass5.png */,
				C30301CB20263851007079AC /* Glass6.png */,
				C30301CC20263851007079AC /* Glass7.png */,
				C30301CD20263851007079AC /* Glass8.png */,
				C30301CE20263851007079AC /* Glass9.png */,
			);
			path = Glass;
			sourceTree = "<group>";
		};
		C30301CF20263851007079AC /* Mustasch */ = {
			isa = PBXGroup;
			children = (
				C30301D020263851007079AC /* Mustasch0.png */,
				C30301D120263851007079AC /* Mustasch1.png */,
				C30301D220263851007079AC /* Mustasch2.png */,
				C30301D320263851007079AC /* Mustasch3.png */,
				C30301D420263851007079AC /* Mustasch4.png */,
				C30301D520263851007079AC /* Mustasch5.png */,
				C30301D620263851007079AC /* Mustasch6.png */,
				C30301D720263851007079AC /* Mustasch7.png */,
			);
			path = Mustasch;
			sourceTree = "<group>";
		};
		C30301D820263851007079AC /* Swags */ = {
			isa = PBXGroup;
			children = (
				C30301D920263851007079AC /* Swag0.png */,
				C30301DA20263851007079AC /* Swag1.png */,
				C30301DB20263851007079AC /* Swag10.png */,
				C30301DC20263851007079AC /* Swag11.jpg */,
				C30301DD20263851007079AC /* Swag12.png */,
				C30301DE20263851007079AC /* Swag13.png */,
				C30301DF20263851007079AC /* Swag14.png */,
				C30301E020263851007079AC /* Swag15.png */,
				C30301E120263851007079AC /* Swag2.png */,
				C30301E220263851007079AC /* Swag3.png */,
				C30301E320263851007079AC /* Swag4.png */,
				C30301E420263851007079AC /* Swag5.png */,
				C30301E520263851007079AC /* Swag6.png */,
				C30301E620263851007079AC /* Swag7.png */,
				C30301E720263851007079AC /* Swag8.png */,
				C30301E820263851007079AC /* Swag9.png */,
			);
			path = Swags;
			sourceTree = "<group>";
		};
		C3030223202645A2007079AC /* CustomView */ = {
			isa = PBXGroup;
			children = (
				C303022420264795007079AC /* UIViewExtension.swift */,
				C3C3603020276292005A5442 /* UIImageViewExtension.swift */,
				C3331F5D20AEDB7A0033ADDA /* PickerDialog.swift */,
				C3331F5F20AEEAE70033ADDA /* UIColorExtension.swift */,
			);
			path = CustomView;
			sourceTree = "<group>";
		};
		C329A5AC202459FF006CE55B /* Model */ = {
			isa = PBXGroup;
			children = (
				C329A5AD20245C5E006CE55B /* Template.swift */,
				C3030226202656A1007079AC /* StickerCategory.swift */,
				C366DCFE2038327A00AB3334 /* User.swift */,
				C352F5FF20780F080014714B /* ImageObject.h */,
				C352F60020780F080014714B /* ImageObject.mm */,
			);
			path = Model;
			sourceTree = "<group>";
		};
		C329A5AF20245FE1006CE55B /* Resource */ = {
			isa = PBXGroup;
			children = (
				C329A5B020245FF0006CE55B /* Image */,
			);
			path = Resource;
			sourceTree = "<group>";
		};
		C329A5B020245FF0006CE55B /* Image */ = {
			isa = PBXGroup;
			children = (
				C30301AB20263851007079AC /* Sticker */,
				C329A5B120245FF9006CE55B /* Template */,
			);
			path = Image;
			sourceTree = "<group>";
		};
		C329A5B120245FF9006CE55B /* Template */ = {
			isa = PBXGroup;
			children = (
				C34596512128A2B10078556C /* wanted_thumb.png */,
				C351F71A20DA366800B4DD49 /* chalice1_bg.png */,
				C351F71820DA366800B4DD49 /* chalice2_bg.png */,
				C351F71B20DA366800B4DD49 /* chalice3_bg.png */,
				C351F71920DA366800B4DD49 /* chalice4_bg.png */,
				C350C33620A3A3BD0066F4F3 /* vrasta_high_thumb.png */,
				C350C33220A39C100066F4F3 /* vrasta_high_bg.jpg */,
				C350C33320A39C100066F4F3 /* vrasta_high_front.png */,
				C338166F203B6ADF00490E7A /* losag_bg.png */,
				C3381671203B6ADF00490E7A /* losag_thumb.png */,
				C3381670203B6ADF00490E7A /* losfa_bg.png */,
				C338166D203B6ADE00490E7A /* losfa_thumb.png */,
				C338166E203B6ADE00490E7A /* wanted_bg.png */,
				C329A5B320246411006CE55B /* budmeme_bg.png */,
				C329A5B520246411006CE55B /* dankweed_bg.png */,
				C329A5B420246411006CE55B /* winnerbest1_bg.png */,
				C329A5B220246411006CE55B /* winnerbest2_bg.png */,
			);
			path = Template;
			sourceTree = "<group>";
		};
		C329A5BA2024673A006CE55B /* TemplateCell */ = {
			isa = PBXGroup;
			children = (
				C329A5BB20246842006CE55B /* TemplateCollectionViewCell.swift */,
			);
			path = TemplateCell;
			sourceTree = "<group>";
		};
		C329A5C020250257006CE55B /* DraggableImageView */ = {
			isa = PBXGroup;
			children = (
				C329A5C12025027C006CE55B /* DraggableImageView.swift */,
			);
			path = DraggableImageView;
			sourceTree = "<group>";
		};
		C3448C8420777C1800DDC0F5 /* Supporting Files */ = {
			isa = PBXGroup;
			children = (
				C3448C8520777D0200DDC0F5 /* PrefixHeader.pch */,
			);
			name = "Supporting Files";
			sourceTree = "<group>";
		};
		C346D71E20230D4A00AACFED /* View */ = {
			isa = PBXGroup;
			children = (
				C393912120AE0AD90022D787 /* TextStickerView */,
				C3030223202645A2007079AC /* CustomView */,
				C30301AA20263457007079AC /* StickerPanelView */,
				C329A5C020250257006CE55B /* DraggableImageView */,
				C329A5BA2024673A006CE55B /* TemplateCell */,
				C346D71F20230D4A00AACFED /* LaunchScreen.storyboard */,
				C346D72120230D4A00AACFED /* Main.storyboard */,
			);
			path = View;
			sourceTree = "<group>";
		};
		C346D7252023135000AACFED /* Controller */ = {
			isa = PBXGroup;
			children = (
				C383313E20237252007339C1 /* LandingViewController.swift */,
				C329A5AA2024553B006CE55B /* SelectViewController.swift */,
				C329A5BD2024C95C006CE55B /* MainViewController.swift */,
				C366DD002038348400AB3334 /* ActivationViewController.swift */,
				C3D61C052076CD360007299A /* ImageViewController.swift */,
			);
			path = Controller;
			sourceTree = "<group>";
		};
		C352F5B0207809FC0014714B /* imagemat */ = {
			isa = PBXGroup;
			children = (
				C34F2B9120799E3300443B66 /* SSE2NEON.h */,
				C352F5B1207809FC0014714B /* Calc.cpp */,
				C352F5B2207809FC0014714B /* Calc.h */,
				C352F5B3207809FC0014714B /* cvblob.cpp */,
				C352F5B4207809FC0014714B /* cvblob.h */,
				C352F5B5207809FC0014714B /* Data */,
				C352F5CF207809FC0014714B /* FaceDetect.cpp */,
				C352F5D0207809FC0014714B /* FaceDetect.h */,
				C352F5D1207809FC0014714B /* LandmarkDetect.cpp */,
				C352F5D2207809FC0014714B /* LandmarkDetect.h */,
				C352F5D3207809FC0014714B /* MainProc.cpp */,
				C352F5D4207809FC0014714B /* MainProc.h */,
				C352F5D5207809FC0014714B /* nrutil.cpp */,
				C352F5D6207809FC0014714B /* nrutil.h */,
			);
			path = imagemat;
			sourceTree = "<group>";
		};
		C352F5B5207809FC0014714B /* Data */ = {
			isa = PBXGroup;
			children = (
				C352F5B6207809FC0014714B /* 1_Step_1_1.dat */,
				C352F5B7207809FC0014714B /* 1_Step_1_2.dat */,
				C352F5B8207809FC0014714B /* 1_Step_1_3.dat */,
				C352F5B9207809FC0014714B /* 1_Step_2_1.dat */,
				C352F5BA207809FC0014714B /* 1_Step_2_2.dat */,
				C352F5BB207809FC0014714B /* 1_Step_2_3.dat */,
				C352F5BC207809FC0014714B /* 1_Step_3_1.dat */,
				C352F5BD207809FC0014714B /* 1_Step_3_2.dat */,
				C352F5BE207809FC0014714B /* 1_Step_3_3.dat */,
				C352F5BF207809FC0014714B /* 2_Step_1_1.dat */,
				C352F5C0207809FC0014714B /* 2_Step_1_2.dat */,
				C352F5C1207809FC0014714B /* 2_Step_1_3.dat */,
				C352F5C2207809FC0014714B /* 2_Step_2_1.dat */,
				C352F5C3207809FC0014714B /* 2_Step_2_2.dat */,
				C352F5C4207809FC0014714B /* 2_Step_2_3.dat */,
				C352F5C5207809FC0014714B /* 2_Step_3_1.dat */,
				C352F5C6207809FC0014714B /* 2_Step_3_2.dat */,
				C352F5C7207809FC0014714B /* 2_Step_3_3.dat */,
				C352F5C8207809FC0014714B /* rcpr_38_pflt_18.mem */,
				C352F5C9207809FC0014714B /* rcpr_38_pn_4_flt_10.mem */,
				C352F5CA207809FC0014714B /* rcpr_38_pn_4_flt_4.mem */,
				C352F5CB207809FC0014714B /* rcpr_38_pn_4_sh_8.mem */,
				C352F5CC207809FC0014714B /* rcpr_38_pn_4_sh_C.mem */,
				C352F5CD207809FC0014714B /* rcpr_38_psh_10.mem */,
				C352F5CE207809FC0014714B /* rcpr_38_psh_14.mem */,
			);
			path = Data;
			sourceTree = "<group>";
		};
		C393912120AE0AD90022D787 /* TextStickerView */ = {
			isa = PBXGroup;
			children = (
				C393912220AE0B360022D787 /* TextStickerView_iPhone.xib */,
				C393912420AE1FF00022D787 /* TextStickerView.swift */,
			);
			path = TextStickerView;
			sourceTree = "<group>";
		};
		C39CBE5F2020F84F009BBF02 = {
			isa = PBXGroup;
			children = (
				C352F5A02077F07C0014714B /* Framework */,
				C39CBE6A2020F84F009BBF02 /* Souvenirs */,
				C39CBE7F2020F850009BBF02 /* SouvenirsTests */,
				C39CBE8A2020F850009BBF02 /* SouvenirsUITests */,
				C39CBE692020F84F009BBF02 /* Products */,
				9AAD3D4FFEE88EC214415B90 /* Pods */,
				631AEB83E92FA9BEA1AC20F6 /* Frameworks */,
			);
			sourceTree = "<group>";
		};
		C39CBE692020F84F009BBF02 /* Products */ = {
			isa = PBXGroup;
			children = (
				C39CBE682020F84F009BBF02 /* Souvenirs.app */,
				C39CBE7C2020F850009BBF02 /* SouvenirsTests.xctest */,
				C39CBE872020F850009BBF02 /* SouvenirsUITests.xctest */,
			);
			name = Products;
			sourceTree = "<group>";
		};
		C39CBE6A2020F84F009BBF02 /* Souvenirs */ = {
			isa = PBXGroup;
			children = (
				C3D61C022076BE4B0007299A /* Utils */,
				C3AC9E68202F87DA00C4B7CF /* Lib */,
				C329A5AF20245FE1006CE55B /* Resource */,
				C329A5AC202459FF006CE55B /* Model */,
				C346D7252023135000AACFED /* Controller */,
				C346D71E20230D4A00AACFED /* View */,
				C3448C8420777C1800DDC0F5 /* Supporting Files */,
				C39CBE6B2020F84F009BBF02 /* AppDelegate.swift */,
				C39CBE722020F84F009BBF02 /* Assets.xcassets */,
				C39CBE772020F84F009BBF02 /* Info.plist */,
				C3733DFE2038058500398C6C /* GoogleService-Info.plist */,
				C352F602207817690014714B /* ObjCBridgeHeader.h */,
			);
			path = Souvenirs;
			sourceTree = "<group>";
		};
		C39CBE7F2020F850009BBF02 /* SouvenirsTests */ = {
			isa = PBXGroup;
			children = (
				C39CBE802020F850009BBF02 /* SouvenirsTests.swift */,
				C39CBE822020F850009BBF02 /* Info.plist */,
			);
			path = SouvenirsTests;
			sourceTree = "<group>";
		};
		C39CBE8A2020F850009BBF02 /* SouvenirsUITests */ = {
			isa = PBXGroup;
			children = (
				C39CBE8B2020F850009BBF02 /* SouvenirsUITests.swift */,
				C39CBE8D2020F850009BBF02 /* Info.plist */,
			);
			path = SouvenirsUITests;
			sourceTree = "<group>";
		};
		C3AC9E68202F87DA00C4B7CF /* Lib */ = {
			isa = PBXGroup;
			children = (
				C352F5B0207809FC0014714B /* imagemat */,
				C3AC9E69202F88A800C4B7CF /* StickerView */,
			);
			path = Lib;
			sourceTree = "<group>";
		};
		C3AC9E69202F88A800C4B7CF /* StickerView */ = {
			isa = PBXGroup;
			children = (
				C3AC9E6A202F88A800C4B7CF /* CHTStickerView.h */,
				C3AC9E6B202F88A800C4B7CF /* CHTStickerView.m */,
			);
			path = StickerView;
			sourceTree = "<group>";
		};
		C3D61C022076BE4B0007299A /* Utils */ = {
			isa = PBXGroup;
			children = (
				C352F5FD20780CB90014714B /* ImageHelper.h */,
				C352F5FC20780CB90014714B /* ImageHelper.mm */,
				C3D61C032076BE890007299A /* Common.swift */,
			);
			path = Utils;
			sourceTree = "<group>";
		};
/* End PBXGroup section */

/* Begin PBXNativeTarget section */
		C39CBE672020F84F009BBF02 /* Souvenirs */ = {
			isa = PBXNativeTarget;
			buildConfigurationList = C39CBE902020F850009BBF02 /* Build configuration list for PBXNativeTarget "Souvenirs" */;
			buildPhases = (
				AAE800E51A49B55FFCBE10FE /* [CP] Check Pods Manifest.lock */,
				C39CBE642020F84F009BBF02 /* Sources */,
				C39CBE652020F84F009BBF02 /* Frameworks */,
				C39CBE662020F84F009BBF02 /* Resources */,
				FFCF9189678D269F1113C304 /* [CP] Embed Pods Frameworks */,
				C53B459EEDB352A0A2885EDC /* [CP] Copy Pods Resources */,
			);
			buildRules = (
			);
			dependencies = (
			);
			name = Souvenirs;
			productName = Souvenirs;
			productReference = C39CBE682020F84F009BBF02 /* Souvenirs.app */;
			productType = "com.apple.product-type.application";
		};
		C39CBE7B2020F850009BBF02 /* SouvenirsTests */ = {
			isa = PBXNativeTarget;
			buildConfigurationList = C39CBE932020F850009BBF02 /* Build configuration list for PBXNativeTarget "SouvenirsTests" */;
			buildPhases = (
				483F45398ED72918697CD681 /* [CP] Check Pods Manifest.lock */,
				C39CBE782020F850009BBF02 /* Sources */,
				C39CBE792020F850009BBF02 /* Frameworks */,
				C39CBE7A2020F850009BBF02 /* Resources */,
				2E04A9E4B3F6B8F31AD98D9A /* [CP] Embed Pods Frameworks */,
				4D7E07BB22D52063DC61173C /* [CP] Copy Pods Resources */,
			);
			buildRules = (
			);
			dependencies = (
				C39CBE7E2020F850009BBF02 /* PBXTargetDependency */,
			);
			name = SouvenirsTests;
			productName = SouvenirsTests;
			productReference = C39CBE7C2020F850009BBF02 /* SouvenirsTests.xctest */;
			productType = "com.apple.product-type.bundle.unit-test";
		};
		C39CBE862020F850009BBF02 /* SouvenirsUITests */ = {
			isa = PBXNativeTarget;
			buildConfigurationList = C39CBE962020F850009BBF02 /* Build configuration list for PBXNativeTarget "SouvenirsUITests" */;
			buildPhases = (
				561BD93B579B6FFF8ECAC30D /* [CP] Check Pods Manifest.lock */,
				C39CBE832020F850009BBF02 /* Sources */,
				C39CBE842020F850009BBF02 /* Frameworks */,
				C39CBE852020F850009BBF02 /* Resources */,
				CD9F3728FAEF178125355798 /* [CP] Embed Pods Frameworks */,
				DDE3B7371CEE34F60B230827 /* [CP] Copy Pods Resources */,
			);
			buildRules = (
			);
			dependencies = (
				C39CBE892020F850009BBF02 /* PBXTargetDependency */,
			);
			name = SouvenirsUITests;
			productName = SouvenirsUITests;
			productReference = C39CBE872020F850009BBF02 /* SouvenirsUITests.xctest */;
			productType = "com.apple.product-type.bundle.ui-testing";
		};
/* End PBXNativeTarget section */

/* Begin PBXProject section */
		C39CBE602020F84F009BBF02 /* Project object */ = {
			isa = PBXProject;
			attributes = {
				LastSwiftUpdateCheck = 0910;
				LastUpgradeCheck = 0910;
				ORGANIZATIONNAME = Administrator;
				TargetAttributes = {
					C39CBE672020F84F009BBF02 = {
						CreatedOnToolsVersion = 9.1;
						ProvisioningStyle = Automatic;
					};
					C39CBE7B2020F850009BBF02 = {
						CreatedOnToolsVersion = 9.1;
						ProvisioningStyle = Automatic;
						TestTargetID = C39CBE672020F84F009BBF02;
					};
					C39CBE862020F850009BBF02 = {
						CreatedOnToolsVersion = 9.1;
						ProvisioningStyle = Automatic;
						TestTargetID = C39CBE672020F84F009BBF02;
					};
				};
			};
			buildConfigurationList = C39CBE632020F84F009BBF02 /* Build configuration list for PBXProject "Souvenirs" */;
			compatibilityVersion = "Xcode 8.0";
			developmentRegion = en;
			hasScannedForEncodings = 0;
			knownRegions = (
				en,
				Base,
			);
			mainGroup = C39CBE5F2020F84F009BBF02;
			productRefGroup = C39CBE692020F84F009BBF02 /* Products */;
			projectDirPath = "";
			projectRoot = "";
			targets = (
				C39CBE672020F84F009BBF02 /* Souvenirs */,
				C39CBE7B2020F850009BBF02 /* SouvenirsTests */,
				C39CBE862020F850009BBF02 /* SouvenirsUITests */,
			);
		};
/* End PBXProject section */

/* Begin PBXResourcesBuildPhase section */
		C39CBE662020F84F009BBF02 /* Resources */ = {
			isa = PBXResourcesBuildPhase;
			buildActionMask = 2147483647;
			files = (
				C351F71F20DA366800B4DD49 /* chalice3_bg.png in Resources */,
				C303021020263852007079AC /* Mustasch7.png in Resources */,
				C303020920263852007079AC /* Mustasch0.png in Resources */,
				C30301EB20263851007079AC /* AFRO2.png in Resources */,
				C351F71D20DA366800B4DD49 /* chalice4_bg.png in Resources */,
				C303020720263852007079AC /* Glass8.png in Resources */,
				C303021820263852007079AC /* Swag15.png in Resources */,
				C352F5DD207809FC0014714B /* 1_Step_1_3.dat in Resources */,
				C352F5F3207809FC0014714B /* rcpr_38_psh_14.mem in Resources */,
				C393912320AE0B360022D787 /* TextStickerView_iPhone.xib in Resources */,
				C352F5EC207809FC0014714B /* 2_Step_3_3.dat in Resources */,
				C352F5EA207809FC0014714B /* 2_Step_3_1.dat in Resources */,
				C303020520263852007079AC /* Glass6.png in Resources */,
				C303021C20263852007079AC /* Swag5.png in Resources */,
				C303020220263852007079AC /* Glass3.png in Resources */,
				C303021D20263852007079AC /* Swag6.png in Resources */,
				C30301EF20263851007079AC /* BEARD2.png in Resources */,
				C352F5E9207809FC0014714B /* 2_Step_2_3.dat in Resources */,
				C30301FC20263852007079AC /* Glass13.png in Resources */,
				C303021220263852007079AC /* Swag1.png in Resources */,
				C329A5B920246412006CE55B /* dankweed_bg.png in Resources */,
				C3381672203B6ADF00490E7A /* losfa_thumb.png in Resources */,
				C303020B20263852007079AC /* Mustasch2.png in Resources */,
				C352F5DE207809FC0014714B /* 1_Step_2_1.dat in Resources */,
				C352F5F2207809FC0014714B /* rcpr_38_psh_10.mem in Resources */,
				C30301F820263851007079AC /* Glass1.png in Resources */,
				C30301F520263851007079AC /* BEARD8.png in Resources */,
				C303021F20263852007079AC /* Swag8.png in Resources */,
				C303021A20263852007079AC /* Swag3.png in Resources */,
				C30301FB20263851007079AC /* Glass12.png in Resources */,
				C352F5E1207809FC0014714B /* 1_Step_3_1.dat in Resources */,
				C303021320263852007079AC /* Swag10.png in Resources */,
				C303020D20263852007079AC /* Mustasch4.png in Resources */,
				C352F5E3207809FC0014714B /* 1_Step_3_3.dat in Resources */,
				C303021120263852007079AC /* Swag0.png in Resources */,
				C30301F420263851007079AC /* BEARD7.png in Resources */,
				C303020320263852007079AC /* Glass4.png in Resources */,
				C30301FE20263852007079AC /* Glass15.png in Resources */,
				C352F5DC207809FC0014714B /* 1_Step_1_2.dat in Resources */,
				C3733DFF2038058600398C6C /* GoogleService-Info.plist in Resources */,
				C34596522128A2B10078556C /* wanted_thumb.png in Resources */,
				C352F5ED207809FC0014714B /* rcpr_38_pflt_18.mem in Resources */,
				C303021420263852007079AC /* Swag11.jpg in Resources */,
				C303022020263852007079AC /* Swag9.png in Resources */,
				C303020120263852007079AC /* Glass2.png in Resources */,
				C303020620263852007079AC /* Glass7.png in Resources */,
				C30301F720263851007079AC /* Glass0.png in Resources */,
				C3381675203B6ADF00490E7A /* losfa_bg.png in Resources */,
				C329A5B620246412006CE55B /* winnerbest2_bg.png in Resources */,
				C350C33420A39C100066F4F3 /* vrasta_high_bg.jpg in Resources */,
				C352F5EB207809FC0014714B /* 2_Step_3_2.dat in Resources */,
				C303020F20263852007079AC /* Mustasch6.png in Resources */,
				C303020E20263852007079AC /* Mustasch5.png in Resources */,
				C30301FF20263852007079AC /* Glass16.png in Resources */,
				C30301EE20263851007079AC /* BEARD1.png in Resources */,
				C346D72420230D4B00AACFED /* Main.storyboard in Resources */,
				C352F5E8207809FC0014714B /* 2_Step_2_2.dat in Resources */,
				C351F71E20DA366800B4DD49 /* chalice1_bg.png in Resources */,
				C303020420263852007079AC /* Glass5.png in Resources */,
				C3381673203B6ADF00490E7A /* wanted_bg.png in Resources */,
				C352F5EE207809FC0014714B /* rcpr_38_pn_4_flt_10.mem in Resources */,
				C30301F620263851007079AC /* BEARD9.png in Resources */,
				C352F5E6207809FC0014714B /* 2_Step_1_3.dat in Resources */,
				C3381674203B6ADF00490E7A /* losag_bg.png in Resources */,
				C30301FD20263852007079AC /* Glass14.png in Resources */,
				C346D72320230D4B00AACFED /* LaunchScreen.storyboard in Resources */,
				C350C33720A3A3BD0066F4F3 /* vrasta_high_thumb.png in Resources */,
				C303020A20263852007079AC /* Mustasch1.png in Resources */,
				C352F5F1207809FC0014714B /* rcpr_38_pn_4_sh_C.mem in Resources */,
				C30301E920263851007079AC /* AFRO0.png in Resources */,
				C350C33520A39C100066F4F3 /* vrasta_high_front.png in Resources */,
				C30301F020263851007079AC /* BEARD3.png in Resources */,
				C352F5EF207809FC0014714B /* rcpr_38_pn_4_flt_4.mem in Resources */,
				C303021E20263852007079AC /* Swag7.png in Resources */,
				C329A5B820246412006CE55B /* winnerbest1_bg.png in Resources */,
				C352F5E5207809FC0014714B /* 2_Step_1_2.dat in Resources */,
				C303021520263852007079AC /* Swag12.png in Resources */,
				C352F5E2207809FC0014714B /* 1_Step_3_2.dat in Resources */,
				C303021920263852007079AC /* Swag2.png in Resources */,
				C39CBE732020F84F009BBF02 /* Assets.xcassets in Resources */,
				C352F5DB207809FC0014714B /* 1_Step_1_1.dat in Resources */,
				C30301FA20263851007079AC /* Glass11.png in Resources */,
				C30301EC20263851007079AC /* AFRO3.png in Resources */,
				C303021720263852007079AC /* Swag14.png in Resources */,
				C351F71C20DA366800B4DD49 /* chalice2_bg.png in Resources */,
				C30301F920263851007079AC /* Glass10.png in Resources */,
				C30301EA20263851007079AC /* AFRO1.png in Resources */,
				C352F5F0207809FC0014714B /* rcpr_38_pn_4_sh_8.mem in Resources */,
				C352F5E4207809FC0014714B /* 2_Step_1_1.dat in Resources */,
				C30301F220263851007079AC /* BEARD5.png in Resources */,
				C303020C20263852007079AC /* Mustasch3.png in Resources */,
				C352F5E7207809FC0014714B /* 2_Step_2_1.dat in Resources */,
				C329A5B720246412006CE55B /* budmeme_bg.png in Resources */,
				C30301ED20263851007079AC /* BEARD0.png in Resources */,
				C3381676203B6ADF00490E7A /* losag_thumb.png in Resources */,
				C352F5E0207809FC0014714B /* 1_Step_2_3.dat in Resources */,
				C303021B20263852007079AC /* Swag4.png in Resources */,
				C303021620263852007079AC /* Swag13.png in Resources */,
				C30301F120263851007079AC /* BEARD4.png in Resources */,
				C352F5DF207809FC0014714B /* 1_Step_2_2.dat in Resources */,
				C30301F320263851007079AC /* BEARD6.png in Resources */,
				C303020820263852007079AC /* Glass9.png in Resources */,
				C303020020263852007079AC /* Glass17.png in Resources */,
			);
			runOnlyForDeploymentPostprocessing = 0;
		};
		C39CBE7A2020F850009BBF02 /* Resources */ = {
			isa = PBXResourcesBuildPhase;
			buildActionMask = 2147483647;
			files = (
			);
			runOnlyForDeploymentPostprocessing = 0;
		};
		C39CBE852020F850009BBF02 /* Resources */ = {
			isa = PBXResourcesBuildPhase;
			buildActionMask = 2147483647;
			files = (
			);
			runOnlyForDeploymentPostprocessing = 0;
		};
/* End PBXResourcesBuildPhase section */

/* Begin PBXShellScriptBuildPhase section */
		2E04A9E4B3F6B8F31AD98D9A /* [CP] Embed Pods Frameworks */ = {
			isa = PBXShellScriptBuildPhase;
			buildActionMask = 2147483647;
			files = (
			);
			inputPaths = (
			);
			name = "[CP] Embed Pods Frameworks";
			outputPaths = (
			);
			runOnlyForDeploymentPostprocessing = 0;
			shellPath = /bin/sh;
			shellScript = "\"${SRCROOT}/Pods/Target Support Files/Pods-SouvenirsTests/Pods-SouvenirsTests-frameworks.sh\"\n";
			showEnvVarsInLog = 0;
		};
		483F45398ED72918697CD681 /* [CP] Check Pods Manifest.lock */ = {
			isa = PBXShellScriptBuildPhase;
			buildActionMask = 2147483647;
			files = (
			);
			inputPaths = (
				"${PODS_PODFILE_DIR_PATH}/Podfile.lock",
				"${PODS_ROOT}/Manifest.lock",
			);
			name = "[CP] Check Pods Manifest.lock";
			outputPaths = (
				"$(DERIVED_FILE_DIR)/Pods-SouvenirsTests-checkManifestLockResult.txt",
			);
			runOnlyForDeploymentPostprocessing = 0;
			shellPath = /bin/sh;
			shellScript = "diff \"${PODS_PODFILE_DIR_PATH}/Podfile.lock\" \"${PODS_ROOT}/Manifest.lock\" > /dev/null\nif [ $? != 0 ] ; then\n    # print error to STDERR\n    echo \"error: The sandbox is not in sync with the Podfile.lock. Run 'pod install' or update your CocoaPods installation.\" >&2\n    exit 1\nfi\n# This output is used by Xcode 'outputs' to avoid re-running this script phase.\necho \"SUCCESS\" > \"${SCRIPT_OUTPUT_FILE_0}\"\n";
			showEnvVarsInLog = 0;
		};
		4D7E07BB22D52063DC61173C /* [CP] Copy Pods Resources */ = {
			isa = PBXShellScriptBuildPhase;
			buildActionMask = 2147483647;
			files = (
			);
			inputPaths = (
			);
			name = "[CP] Copy Pods Resources";
			outputPaths = (
			);
			runOnlyForDeploymentPostprocessing = 0;
			shellPath = /bin/sh;
			shellScript = "\"${SRCROOT}/Pods/Target Support Files/Pods-SouvenirsTests/Pods-SouvenirsTests-resources.sh\"\n";
			showEnvVarsInLog = 0;
		};
		561BD93B579B6FFF8ECAC30D /* [CP] Check Pods Manifest.lock */ = {
			isa = PBXShellScriptBuildPhase;
			buildActionMask = 2147483647;
			files = (
			);
			inputPaths = (
				"${PODS_PODFILE_DIR_PATH}/Podfile.lock",
				"${PODS_ROOT}/Manifest.lock",
			);
			name = "[CP] Check Pods Manifest.lock";
			outputPaths = (
				"$(DERIVED_FILE_DIR)/Pods-SouvenirsUITests-checkManifestLockResult.txt",
			);
			runOnlyForDeploymentPostprocessing = 0;
			shellPath = /bin/sh;
			shellScript = "diff \"${PODS_PODFILE_DIR_PATH}/Podfile.lock\" \"${PODS_ROOT}/Manifest.lock\" > /dev/null\nif [ $? != 0 ] ; then\n    # print error to STDERR\n    echo \"error: The sandbox is not in sync with the Podfile.lock. Run 'pod install' or update your CocoaPods installation.\" >&2\n    exit 1\nfi\n# This output is used by Xcode 'outputs' to avoid re-running this script phase.\necho \"SUCCESS\" > \"${SCRIPT_OUTPUT_FILE_0}\"\n";
			showEnvVarsInLog = 0;
		};
		AAE800E51A49B55FFCBE10FE /* [CP] Check Pods Manifest.lock */ = {
			isa = PBXShellScriptBuildPhase;
			buildActionMask = 2147483647;
			files = (
			);
			inputPaths = (
				"${PODS_PODFILE_DIR_PATH}/Podfile.lock",
				"${PODS_ROOT}/Manifest.lock",
			);
			name = "[CP] Check Pods Manifest.lock";
			outputPaths = (
				"$(DERIVED_FILE_DIR)/Pods-Souvenirs-checkManifestLockResult.txt",
			);
			runOnlyForDeploymentPostprocessing = 0;
			shellPath = /bin/sh;
			shellScript = "diff \"${PODS_PODFILE_DIR_PATH}/Podfile.lock\" \"${PODS_ROOT}/Manifest.lock\" > /dev/null\nif [ $? != 0 ] ; then\n    # print error to STDERR\n    echo \"error: The sandbox is not in sync with the Podfile.lock. Run 'pod install' or update your CocoaPods installation.\" >&2\n    exit 1\nfi\n# This output is used by Xcode 'outputs' to avoid re-running this script phase.\necho \"SUCCESS\" > \"${SCRIPT_OUTPUT_FILE_0}\"\n";
			showEnvVarsInLog = 0;
		};
		C53B459EEDB352A0A2885EDC /* [CP] Copy Pods Resources */ = {
			isa = PBXShellScriptBuildPhase;
			buildActionMask = 2147483647;
			files = (
			);
			inputPaths = (
			);
			name = "[CP] Copy Pods Resources";
			outputPaths = (
			);
			runOnlyForDeploymentPostprocessing = 0;
			shellPath = /bin/sh;
			shellScript = "\"${SRCROOT}/Pods/Target Support Files/Pods-Souvenirs/Pods-Souvenirs-resources.sh\"\n";
			showEnvVarsInLog = 0;
		};
		CD9F3728FAEF178125355798 /* [CP] Embed Pods Frameworks */ = {
			isa = PBXShellScriptBuildPhase;
			buildActionMask = 2147483647;
			files = (
			);
			inputPaths = (
			);
			name = "[CP] Embed Pods Frameworks";
			outputPaths = (
			);
			runOnlyForDeploymentPostprocessing = 0;
			shellPath = /bin/sh;
			shellScript = "\"${SRCROOT}/Pods/Target Support Files/Pods-SouvenirsUITests/Pods-SouvenirsUITests-frameworks.sh\"\n";
			showEnvVarsInLog = 0;
		};
		DDE3B7371CEE34F60B230827 /* [CP] Copy Pods Resources */ = {
			isa = PBXShellScriptBuildPhase;
			buildActionMask = 2147483647;
			files = (
			);
			inputPaths = (
			);
			name = "[CP] Copy Pods Resources";
			outputPaths = (
			);
			runOnlyForDeploymentPostprocessing = 0;
			shellPath = /bin/sh;
			shellScript = "\"${SRCROOT}/Pods/Target Support Files/Pods-SouvenirsUITests/Pods-SouvenirsUITests-resources.sh\"\n";
			showEnvVarsInLog = 0;
		};
		FFCF9189678D269F1113C304 /* [CP] Embed Pods Frameworks */ = {
			isa = PBXShellScriptBuildPhase;
			buildActionMask = 2147483647;
			files = (
			);
			inputPaths = (
				"${SRCROOT}/Pods/Target Support Files/Pods-Souvenirs/Pods-Souvenirs-frameworks.sh",
				"${BUILT_PRODUCTS_DIR}/ChromaColorPicker/ChromaColorPicker.framework",
				"${BUILT_PRODUCTS_DIR}/GoogleToolboxForMac/GoogleToolboxForMac.framework",
				"${BUILT_PRODUCTS_DIR}/IHKeyboardAvoiding/IHKeyboardAvoiding.framework",
				"${BUILT_PRODUCTS_DIR}/KMPlaceholderTextView/KMPlaceholderTextView.framework",
				"${BUILT_PRODUCTS_DIR}/SVProgressHUD/SVProgressHUD.framework",
				"${BUILT_PRODUCTS_DIR}/leveldb-library/leveldb.framework",
				"${BUILT_PRODUCTS_DIR}/nanopb/nanopb.framework",
			);
			name = "[CP] Embed Pods Frameworks";
			outputPaths = (
				"${TARGET_BUILD_DIR}/${FRAMEWORKS_FOLDER_PATH}/ChromaColorPicker.framework",
				"${TARGET_BUILD_DIR}/${FRAMEWORKS_FOLDER_PATH}/GoogleToolboxForMac.framework",
				"${TARGET_BUILD_DIR}/${FRAMEWORKS_FOLDER_PATH}/IHKeyboardAvoiding.framework",
				"${TARGET_BUILD_DIR}/${FRAMEWORKS_FOLDER_PATH}/KMPlaceholderTextView.framework",
				"${TARGET_BUILD_DIR}/${FRAMEWORKS_FOLDER_PATH}/SVProgressHUD.framework",
				"${TARGET_BUILD_DIR}/${FRAMEWORKS_FOLDER_PATH}/leveldb.framework",
				"${TARGET_BUILD_DIR}/${FRAMEWORKS_FOLDER_PATH}/nanopb.framework",
			);
			runOnlyForDeploymentPostprocessing = 0;
			shellPath = /bin/sh;
			shellScript = "\"${SRCROOT}/Pods/Target Support Files/Pods-Souvenirs/Pods-Souvenirs-frameworks.sh\"\n";
			showEnvVarsInLog = 0;
		};
/* End PBXShellScriptBuildPhase section */

/* Begin PBXSourcesBuildPhase section */
		C39CBE642020F84F009BBF02 /* Sources */ = {
			isa = PBXSourcesBuildPhase;
			buildActionMask = 2147483647;
			files = (
				C352F5DA207809FC0014714B /* cvblob.cpp in Sources */,
				C352F5D9207809FC0014714B /* Calc.cpp in Sources */,
				C3D61C042076BE890007299A /* Common.swift in Sources */,
				C329A5AE20245C5E006CE55B /* Template.swift in Sources */,
				C352F60120780F080014714B /* ImageObject.mm in Sources */,
				C3030222202639D2007079AC /* StickerPanelView.swift in Sources */,
				C3D61C062076CD360007299A /* ImageViewController.swift in Sources */,
				C3C3603120276292005A5442 /* UIImageViewExtension.swift in Sources */,
				C303022520264795007079AC /* UIViewExtension.swift in Sources */,
				C352F5F6207809FC0014714B /* MainProc.cpp in Sources */,
				C329A5AB2024553B006CE55B /* SelectViewController.swift in Sources */,
				C393912520AE1FF00022D787 /* TextStickerView.swift in Sources */,
				C352F5F7207809FC0014714B /* nrutil.cpp in Sources */,
				C383313F20237252007339C1 /* LandingViewController.swift in Sources */,
				C329A5C22025027C006CE55B /* DraggableImageView.swift in Sources */,
				C3331F6020AEEAE70033ADDA /* UIColorExtension.swift in Sources */,
				C366DCFF2038327A00AB3334 /* User.swift in Sources */,
				C329A5BE2024C95C006CE55B /* MainViewController.swift in Sources */,
				C366DD012038348400AB3334 /* ActivationViewController.swift in Sources */,
				C352F5FE20780CB90014714B /* ImageHelper.mm in Sources */,
				C352F5F5207809FC0014714B /* LandmarkDetect.cpp in Sources */,
				C3331F5E20AEDB7A0033ADDA /* PickerDialog.swift in Sources */,
				C3030227202656A1007079AC /* StickerCategory.swift in Sources */,
				C3C3602C20275412005A5442 /* StickerCollectionViewCell.swift in Sources */,
				C3AC9E6C202F88A800C4B7CF /* CHTStickerView.m in Sources */,
				C329A5BC20246842006CE55B /* TemplateCollectionViewCell.swift in Sources */,
				C39CBE6C2020F84F009BBF02 /* AppDelegate.swift in Sources */,
				C352F5F4207809FC0014714B /* FaceDetect.cpp in Sources */,
			);
			runOnlyForDeploymentPostprocessing = 0;
		};
		C39CBE782020F850009BBF02 /* Sources */ = {
			isa = PBXSourcesBuildPhase;
			buildActionMask = 2147483647;
			files = (
				C39CBE812020F850009BBF02 /* SouvenirsTests.swift in Sources */,
			);
			runOnlyForDeploymentPostprocessing = 0;
		};
		C39CBE832020F850009BBF02 /* Sources */ = {
			isa = PBXSourcesBuildPhase;
			buildActionMask = 2147483647;
			files = (
				C39CBE8C2020F850009BBF02 /* SouvenirsUITests.swift in Sources */,
			);
			runOnlyForDeploymentPostprocessing = 0;
		};
/* End PBXSourcesBuildPhase section */

/* Begin PBXTargetDependency section */
		C39CBE7E2020F850009BBF02 /* PBXTargetDependency */ = {
			isa = PBXTargetDependency;
			target = C39CBE672020F84F009BBF02 /* Souvenirs */;
			targetProxy = C39CBE7D2020F850009BBF02 /* PBXContainerItemProxy */;
		};
		C39CBE892020F850009BBF02 /* PBXTargetDependency */ = {
			isa = PBXTargetDependency;
			target = C39CBE672020F84F009BBF02 /* Souvenirs */;
			targetProxy = C39CBE882020F850009BBF02 /* PBXContainerItemProxy */;
		};
/* End PBXTargetDependency section */

/* Begin PBXVariantGroup section */
		C346D71F20230D4A00AACFED /* LaunchScreen.storyboard */ = {
			isa = PBXVariantGroup;
			children = (
				C346D72020230D4A00AACFED /* Base */,
			);
			name = LaunchScreen.storyboard;
			sourceTree = "<group>";
		};
		C346D72120230D4A00AACFED /* Main.storyboard */ = {
			isa = PBXVariantGroup;
			children = (
				C346D72220230D4A00AACFED /* Base */,
			);
			name = Main.storyboard;
			sourceTree = "<group>";
		};
/* End PBXVariantGroup section */

/* Begin XCBuildConfiguration section */
		C39CBE8E2020F850009BBF02 /* Debug */ = {
			isa = XCBuildConfiguration;
			buildSettings = {
				ALWAYS_SEARCH_USER_PATHS = NO;
				CLANG_ANALYZER_NONNULL = YES;
				CLANG_ANALYZER_NUMBER_OBJECT_CONVERSION = YES_AGGRESSIVE;
				CLANG_CXX_LANGUAGE_STANDARD = "gnu++14";
				CLANG_CXX_LIBRARY = "libc++";
				CLANG_ENABLE_MODULES = YES;
				CLANG_ENABLE_OBJC_ARC = YES;
				CLANG_WARN_BLOCK_CAPTURE_AUTORELEASING = YES;
				CLANG_WARN_BOOL_CONVERSION = YES;
				CLANG_WARN_COMMA = YES;
				CLANG_WARN_CONSTANT_CONVERSION = YES;
				CLANG_WARN_DIRECT_OBJC_ISA_USAGE = YES_ERROR;
				CLANG_WARN_DOCUMENTATION_COMMENTS = YES;
				CLANG_WARN_EMPTY_BODY = YES;
				CLANG_WARN_ENUM_CONVERSION = YES;
				CLANG_WARN_INFINITE_RECURSION = YES;
				CLANG_WARN_INT_CONVERSION = YES;
				CLANG_WARN_NON_LITERAL_NULL_CONVERSION = YES;
				CLANG_WARN_OBJC_LITERAL_CONVERSION = YES;
				CLANG_WARN_OBJC_ROOT_CLASS = YES_ERROR;
				CLANG_WARN_RANGE_LOOP_ANALYSIS = YES;
				CLANG_WARN_STRICT_PROTOTYPES = YES;
				CLANG_WARN_SUSPICIOUS_MOVE = YES;
				CLANG_WARN_UNGUARDED_AVAILABILITY = YES_AGGRESSIVE;
				CLANG_WARN_UNREACHABLE_CODE = YES;
				CLANG_WARN__DUPLICATE_METHOD_MATCH = YES;
				CODE_SIGN_IDENTITY = "iPhone Developer";
				COPY_PHASE_STRIP = NO;
				DEBUG_INFORMATION_FORMAT = dwarf;
				ENABLE_STRICT_OBJC_MSGSEND = YES;
				ENABLE_TESTABILITY = YES;
				GCC_C_LANGUAGE_STANDARD = gnu11;
				GCC_DYNAMIC_NO_PIC = NO;
				GCC_NO_COMMON_BLOCKS = YES;
				GCC_OPTIMIZATION_LEVEL = 0;
				GCC_PREPROCESSOR_DEFINITIONS = (
					"DEBUG=1",
					"$(inherited)",
				);
				GCC_WARN_64_TO_32_BIT_CONVERSION = YES;
				GCC_WARN_ABOUT_RETURN_TYPE = YES_ERROR;
				GCC_WARN_UNDECLARED_SELECTOR = YES;
				GCC_WARN_UNINITIALIZED_AUTOS = YES_AGGRESSIVE;
				GCC_WARN_UNUSED_FUNCTION = YES;
				GCC_WARN_UNUSED_VARIABLE = YES;
				IPHONEOS_DEPLOYMENT_TARGET = 11.1;
				MTL_ENABLE_DEBUG_INFO = YES;
				ONLY_ACTIVE_ARCH = YES;
				SDKROOT = iphoneos;
				SWIFT_ACTIVE_COMPILATION_CONDITIONS = DEBUG;
				SWIFT_OPTIMIZATION_LEVEL = "-Onone";
			};
			name = Debug;
		};
		C39CBE8F2020F850009BBF02 /* Release */ = {
			isa = XCBuildConfiguration;
			buildSettings = {
				ALWAYS_SEARCH_USER_PATHS = NO;
				CLANG_ANALYZER_NONNULL = YES;
				CLANG_ANALYZER_NUMBER_OBJECT_CONVERSION = YES_AGGRESSIVE;
				CLANG_CXX_LANGUAGE_STANDARD = "gnu++14";
				CLANG_CXX_LIBRARY = "libc++";
				CLANG_ENABLE_MODULES = YES;
				CLANG_ENABLE_OBJC_ARC = YES;
				CLANG_WARN_BLOCK_CAPTURE_AUTORELEASING = YES;
				CLANG_WARN_BOOL_CONVERSION = YES;
				CLANG_WARN_COMMA = YES;
				CLANG_WARN_CONSTANT_CONVERSION = YES;
				CLANG_WARN_DIRECT_OBJC_ISA_USAGE = YES_ERROR;
				CLANG_WARN_DOCUMENTATION_COMMENTS = YES;
				CLANG_WARN_EMPTY_BODY = YES;
				CLANG_WARN_ENUM_CONVERSION = YES;
				CLANG_WARN_INFINITE_RECURSION = YES;
				CLANG_WARN_INT_CONVERSION = YES;
				CLANG_WARN_NON_LITERAL_NULL_CONVERSION = YES;
				CLANG_WARN_OBJC_LITERAL_CONVERSION = YES;
				CLANG_WARN_OBJC_ROOT_CLASS = YES_ERROR;
				CLANG_WARN_RANGE_LOOP_ANALYSIS = YES;
				CLANG_WARN_STRICT_PROTOTYPES = YES;
				CLANG_WARN_SUSPICIOUS_MOVE = YES;
				CLANG_WARN_UNGUARDED_AVAILABILITY = YES_AGGRESSIVE;
				CLANG_WARN_UNREACHABLE_CODE = YES;
				CLANG_WARN__DUPLICATE_METHOD_MATCH = YES;
				CODE_SIGN_IDENTITY = "iPhone Developer";
				COPY_PHASE_STRIP = NO;
				DEBUG_INFORMATION_FORMAT = "dwarf-with-dsym";
				ENABLE_NS_ASSERTIONS = NO;
				ENABLE_STRICT_OBJC_MSGSEND = YES;
				GCC_C_LANGUAGE_STANDARD = gnu11;
				GCC_NO_COMMON_BLOCKS = YES;
				GCC_WARN_64_TO_32_BIT_CONVERSION = YES;
				GCC_WARN_ABOUT_RETURN_TYPE = YES_ERROR;
				GCC_WARN_UNDECLARED_SELECTOR = YES;
				GCC_WARN_UNINITIALIZED_AUTOS = YES_AGGRESSIVE;
				GCC_WARN_UNUSED_FUNCTION = YES;
				GCC_WARN_UNUSED_VARIABLE = YES;
				IPHONEOS_DEPLOYMENT_TARGET = 11.1;
				MTL_ENABLE_DEBUG_INFO = NO;
				SDKROOT = iphoneos;
				SWIFT_OPTIMIZATION_LEVEL = "-Owholemodule";
				VALIDATE_PRODUCT = YES;
			};
			name = Release;
		};
		C39CBE912020F850009BBF02 /* Debug */ = {
			isa = XCBuildConfiguration;
			baseConfigurationReference = A8B7DF3FD9A4B3DEA6CC6465 /* Pods-Souvenirs.debug.xcconfig */;
			buildSettings = {
				ASSETCATALOG_COMPILER_APPICON_NAME = AppIcon;
				CLANG_X86_VECTOR_INSTRUCTIONS = default;
				CODE_SIGN_STYLE = Automatic;
				DEVELOPMENT_TEAM = JWW2NS32JN;
				FRAMEWORK_SEARCH_PATHS = (
					"$(inherited)",
					"$(PROJECT_DIR)/Framework",
				);
				GCC_PRECOMPILE_PREFIX_HEADER = YES;
				GCC_PREFIX_HEADER = Souvenirs/PrefixHeader.pch;
				INFOPLIST_FILE = Souvenirs/Info.plist;
				LD_RUNPATH_SEARCH_PATHS = "$(inherited) @executable_path/Frameworks";
				PRODUCT_BUNDLE_IDENTIFIER = com.minh.souvenirs;
				PRODUCT_NAME = "$(TARGET_NAME)";
				SWIFT_OBJC_BRIDGING_HEADER = Souvenirs/ObjCBridgeHeader.h;
				SWIFT_VERSION = 4.0;
				TARGETED_DEVICE_FAMILY = "1,2";
			};
			name = Debug;
		};
		C39CBE922020F850009BBF02 /* Release */ = {
			isa = XCBuildConfiguration;
			baseConfigurationReference = FC581FF7B4F4DE90E6BD832C /* Pods-Souvenirs.release.xcconfig */;
			buildSettings = {
				ASSETCATALOG_COMPILER_APPICON_NAME = AppIcon;
				CLANG_X86_VECTOR_INSTRUCTIONS = default;
				CODE_SIGN_STYLE = Automatic;
				DEVELOPMENT_TEAM = JWW2NS32JN;
				FRAMEWORK_SEARCH_PATHS = (
					"$(inherited)",
					"$(PROJECT_DIR)/Framework",
				);
				GCC_PRECOMPILE_PREFIX_HEADER = YES;
				GCC_PREFIX_HEADER = Souvenirs/PrefixHeader.pch;
				INFOPLIST_FILE = Souvenirs/Info.plist;
				LD_RUNPATH_SEARCH_PATHS = "$(inherited) @executable_path/Frameworks";
				PRODUCT_BUNDLE_IDENTIFIER = com.minh.souvenirs;
				PRODUCT_NAME = "$(TARGET_NAME)";
				SWIFT_OBJC_BRIDGING_HEADER = Souvenirs/ObjCBridgeHeader.h;
				SWIFT_VERSION = 4.0;
				TARGETED_DEVICE_FAMILY = "1,2";
			};
			name = Release;
		};
		C39CBE942020F850009BBF02 /* Debug */ = {
			isa = XCBuildConfiguration;
			baseConfigurationReference = E6A02C7749461B7C050B972F /* Pods-SouvenirsTests.debug.xcconfig */;
			buildSettings = {
				ALWAYS_EMBED_SWIFT_STANDARD_LIBRARIES = YES;
				BUNDLE_LOADER = "$(TEST_HOST)";
				CODE_SIGN_STYLE = Automatic;
				INFOPLIST_FILE = SouvenirsTests/Info.plist;
				LD_RUNPATH_SEARCH_PATHS = "$(inherited) @executable_path/Frameworks @loader_path/Frameworks";
				PRODUCT_BUNDLE_IDENTIFIER = com.minh.SouvenirsTests;
				PRODUCT_NAME = "$(TARGET_NAME)";
				SWIFT_VERSION = 4.0;
				TARGETED_DEVICE_FAMILY = "1,2";
				TEST_HOST = "$(BUILT_PRODUCTS_DIR)/Souvenirs.app/Souvenirs";
			};
			name = Debug;
		};
		C39CBE952020F850009BBF02 /* Release */ = {
			isa = XCBuildConfiguration;
			baseConfigurationReference = ED7C26E51F96BCEA5AC09E85 /* Pods-SouvenirsTests.release.xcconfig */;
			buildSettings = {
				ALWAYS_EMBED_SWIFT_STANDARD_LIBRARIES = YES;
				BUNDLE_LOADER = "$(TEST_HOST)";
				CODE_SIGN_STYLE = Automatic;
				INFOPLIST_FILE = SouvenirsTests/Info.plist;
				LD_RUNPATH_SEARCH_PATHS = "$(inherited) @executable_path/Frameworks @loader_path/Frameworks";
				PRODUCT_BUNDLE_IDENTIFIER = com.minh.SouvenirsTests;
				PRODUCT_NAME = "$(TARGET_NAME)";
				SWIFT_VERSION = 4.0;
				TARGETED_DEVICE_FAMILY = "1,2";
				TEST_HOST = "$(BUILT_PRODUCTS_DIR)/Souvenirs.app/Souvenirs";
			};
			name = Release;
		};
		C39CBE972020F850009BBF02 /* Debug */ = {
			isa = XCBuildConfiguration;
			baseConfigurationReference = C565C68F7C2D98404FEA2EF6 /* Pods-SouvenirsUITests.debug.xcconfig */;
			buildSettings = {
				ALWAYS_EMBED_SWIFT_STANDARD_LIBRARIES = YES;
				CODE_SIGN_STYLE = Automatic;
				INFOPLIST_FILE = SouvenirsUITests/Info.plist;
				LD_RUNPATH_SEARCH_PATHS = "$(inherited) @executable_path/Frameworks @loader_path/Frameworks";
				PRODUCT_BUNDLE_IDENTIFIER = com.minh.SouvenirsUITests;
				PRODUCT_NAME = "$(TARGET_NAME)";
				SWIFT_VERSION = 4.0;
				TARGETED_DEVICE_FAMILY = "1,2";
				TEST_TARGET_NAME = Souvenirs;
			};
			name = Debug;
		};
		C39CBE982020F850009BBF02 /* Release */ = {
			isa = XCBuildConfiguration;
			baseConfigurationReference = EAB9424939F991A5BE6610DA /* Pods-SouvenirsUITests.release.xcconfig */;
			buildSettings = {
				ALWAYS_EMBED_SWIFT_STANDARD_LIBRARIES = YES;
				CODE_SIGN_STYLE = Automatic;
				INFOPLIST_FILE = SouvenirsUITests/Info.plist;
				LD_RUNPATH_SEARCH_PATHS = "$(inherited) @executable_path/Frameworks @loader_path/Frameworks";
				PRODUCT_BUNDLE_IDENTIFIER = com.minh.SouvenirsUITests;
				PRODUCT_NAME = "$(TARGET_NAME)";
				SWIFT_VERSION = 4.0;
				TARGETED_DEVICE_FAMILY = "1,2";
				TEST_TARGET_NAME = Souvenirs;
			};
			name = Release;
		};
/* End XCBuildConfiguration section */

/* Begin XCConfigurationList section */
		C39CBE632020F84F009BBF02 /* Build configuration list for PBXProject "Souvenirs" */ = {
			isa = XCConfigurationList;
			buildConfigurations = (
				C39CBE8E2020F850009BBF02 /* Debug */,
				C39CBE8F2020F850009BBF02 /* Release */,
			);
			defaultConfigurationIsVisible = 0;
			defaultConfigurationName = Release;
		};
		C39CBE902020F850009BBF02 /* Build configuration list for PBXNativeTarget "Souvenirs" */ = {
			isa = XCConfigurationList;
			buildConfigurations = (
				C39CBE912020F850009BBF02 /* Debug */,
				C39CBE922020F850009BBF02 /* Release */,
			);
			defaultConfigurationIsVisible = 0;
			defaultConfigurationName = Release;
		};
		C39CBE932020F850009BBF02 /* Build configuration list for PBXNativeTarget "SouvenirsTests" */ = {
			isa = XCConfigurationList;
			buildConfigurations = (
				C39CBE942020F850009BBF02 /* Debug */,
				C39CBE952020F850009BBF02 /* Release */,
			);
			defaultConfigurationIsVisible = 0;
			defaultConfigurationName = Release;
		};
		C39CBE962020F850009BBF02 /* Build configuration list for PBXNativeTarget "SouvenirsUITests" */ = {
			isa = XCConfigurationList;
			buildConfigurations = (
				C39CBE972020F850009BBF02 /* Debug */,
				C39CBE982020F850009BBF02 /* Release */,
			);
			defaultConfigurationIsVisible = 0;
			defaultConfigurationName = Release;
		};
/* End XCConfigurationList section */
	};
	rootObject = C39CBE602020F84F009BBF02 /* Project object */;
}
