// !$*UTF8*$!
{
	archiveVersion = 1;
	classes = {
	};
	objectVersion = 48;
	objects = {

/* Begin PBXBuildFile section */
		C329A5AB2024553B006CE55B /* SelectViewController.swift in Sources */ = {isa = PBXBuildFile; fileRef = C329A5AA2024553B006CE55B /* SelectViewController.swift */; };
		C329A5AE20245C5E006CE55B /* Template.swift in Sources */ = {isa = PBXBuildFile; fileRef = C329A5AD20245C5E006CE55B /* Template.swift */; };
		C329A5B620246412006CE55B /* winnerbest2_bg.png in Resources */ = {isa = PBXBuildFile; fileRef = C329A5B220246411006CE55B /* winnerbest2_bg.png */; };
		C329A5B720246412006CE55B /* budmeme_bg.png in Resources */ = {isa = PBXBuildFile; fileRef = C329A5B320246411006CE55B /* budmeme_bg.png */; };
		C329A5B820246412006CE55B /* winnerbest1_bg.png in Resources */ = {isa = PBXBuildFile; fileRef = C329A5B420246411006CE55B /* winnerbest1_bg.png */; };
		C329A5B920246412006CE55B /* dankweed_bg.png in Resources */ = {isa = PBXBuildFile; fileRef = C329A5B520246411006CE55B /* dankweed_bg.png */; };
		C329A5BC20246842006CE55B /* TemplateCollectionViewCell.swift in Sources */ = {isa = PBXBuildFile; fileRef = C329A5BB20246842006CE55B /* TemplateCollectionViewCell.swift */; };
		C329A5BE2024C95C006CE55B /* MainViewController.swift in Sources */ = {isa = PBXBuildFile; fileRef = C329A5BD2024C95C006CE55B /* MainViewController.swift */; };
		C329A5C22025027C006CE55B /* DraggableImageView.swift in Sources */ = {isa = PBXBuildFile; fileRef = C329A5C12025027C006CE55B /* DraggableImageView.swift */; };
		C346D72320230D4B00AACFED /* LaunchScreen.storyboard in Resources */ = {isa = PBXBuildFile; fileRef = C346D71F20230D4A00AACFED /* LaunchScreen.storyboard */; };
		C346D72420230D4B00AACFED /* Main.storyboard in Resources */ = {isa = PBXBuildFile; fileRef = C346D72120230D4A00AACFED /* Main.storyboard */; };
		C383313F20237252007339C1 /* LandingViewController.swift in Sources */ = {isa = PBXBuildFile; fileRef = C383313E20237252007339C1 /* LandingViewController.swift */; };
		C39CBE6C2020F84F009BBF02 /* AppDelegate.swift in Sources */ = {isa = PBXBuildFile; fileRef = C39CBE6B2020F84F009BBF02 /* AppDelegate.swift */; };
		C39CBE732020F84F009BBF02 /* Assets.xcassets in Resources */ = {isa = PBXBuildFile; fileRef = C39CBE722020F84F009BBF02 /* Assets.xcassets */; };
		C39CBE812020F850009BBF02 /* SouvenirsTests.swift in Sources */ = {isa = PBXBuildFile; fileRef = C39CBE802020F850009BBF02 /* SouvenirsTests.swift */; };
		C39CBE8C2020F850009BBF02 /* SouvenirsUITests.swift in Sources */ = {isa = PBXBuildFile; fileRef = C39CBE8B2020F850009BBF02 /* SouvenirsUITests.swift */; };
/* End PBXBuildFile section */

/* Begin PBXContainerItemProxy section */
		C39CBE7D2020F850009BBF02 /* PBXContainerItemProxy */ = {
			isa = PBXContainerItemProxy;
			containerPortal = C39CBE602020F84F009BBF02 /* Project object */;
			proxyType = 1;
			remoteGlobalIDString = C39CBE672020F84F009BBF02;
			remoteInfo = Souvenirs;
		};
		C39CBE882020F850009BBF02 /* PBXContainerItemProxy */ = {
			isa = PBXContainerItemProxy;
			containerPortal = C39CBE602020F84F009BBF02 /* Project object */;
			proxyType = 1;
			remoteGlobalIDString = C39CBE672020F84F009BBF02;
			remoteInfo = Souvenirs;
		};
/* End PBXContainerItemProxy section */

/* Begin PBXFileReference section */
		C329A5AA2024553B006CE55B /* SelectViewController.swift */ = {isa = PBXFileReference; lastKnownFileType = sourcecode.swift; path = SelectViewController.swift; sourceTree = "<group>"; };
		C329A5AD20245C5E006CE55B /* Template.swift */ = {isa = PBXFileReference; lastKnownFileType = sourcecode.swift; path = Template.swift; sourceTree = "<group>"; };
		C329A5B220246411006CE55B /* winnerbest2_bg.png */ = {isa = PBXFileReference; lastKnownFileType = image.png; path = winnerbest2_bg.png; sourceTree = "<group>"; };
		C329A5B320246411006CE55B /* budmeme_bg.png */ = {isa = PBXFileReference; lastKnownFileType = image.png; path = budmeme_bg.png; sourceTree = "<group>"; };
		C329A5B420246411006CE55B /* winnerbest1_bg.png */ = {isa = PBXFileReference; lastKnownFileType = image.png; path = winnerbest1_bg.png; sourceTree = "<group>"; };
		C329A5B520246411006CE55B /* dankweed_bg.png */ = {isa = PBXFileReference; lastKnownFileType = image.png; path = dankweed_bg.png; sourceTree = "<group>"; };
		C329A5BB20246842006CE55B /* TemplateCollectionViewCell.swift */ = {isa = PBXFileReference; lastKnownFileType = sourcecode.swift; path = TemplateCollectionViewCell.swift; sourceTree = "<group>"; };
		C329A5BD2024C95C006CE55B /* MainViewController.swift */ = {isa = PBXFileReference; lastKnownFileType = sourcecode.swift; path = MainViewController.swift; sourceTree = "<group>"; };
		C329A5C12025027C006CE55B /* DraggableImageView.swift */ = {isa = PBXFileReference; lastKnownFileType = sourcecode.swift; path = DraggableImageView.swift; sourceTree = "<group>"; };
		C346D72020230D4A00AACFED /* Base */ = {isa = PBXFileReference; lastKnownFileType = file.storyboard; name = Base; path = Base.lproj/LaunchScreen.storyboard; sourceTree = "<group>"; };
		C346D72220230D4A00AACFED /* Base */ = {isa = PBXFileReference; lastKnownFileType = file.storyboard; name = Base; path = Base.lproj/Main.storyboard; sourceTree = "<group>"; };
		C383313E20237252007339C1 /* LandingViewController.swift */ = {isa = PBXFileReference; lastKnownFileType = sourcecode.swift; path = LandingViewController.swift; sourceTree = "<group>"; };
		C39CBE682020F84F009BBF02 /* Souvenirs.app */ = {isa = PBXFileReference; explicitFileType = wrapper.application; includeInIndex = 0; path = Souvenirs.app; sourceTree = BUILT_PRODUCTS_DIR; };
		C39CBE6B2020F84F009BBF02 /* AppDelegate.swift */ = {isa = PBXFileReference; lastKnownFileType = sourcecode.swift; path = AppDelegate.swift; sourceTree = "<group>"; };
		C39CBE722020F84F009BBF02 /* Assets.xcassets */ = {isa = PBXFileReference; lastKnownFileType = folder.assetcatalog; path = Assets.xcassets; sourceTree = "<group>"; };
		C39CBE772020F84F009BBF02 /* Info.plist */ = {isa = PBXFileReference; lastKnownFileType = text.plist.xml; path = Info.plist; sourceTree = "<group>"; };
		C39CBE7C2020F850009BBF02 /* SouvenirsTests.xctest */ = {isa = PBXFileReference; explicitFileType = wrapper.cfbundle; includeInIndex = 0; path = SouvenirsTests.xctest; sourceTree = BUILT_PRODUCTS_DIR; };
		C39CBE802020F850009BBF02 /* SouvenirsTests.swift */ = {isa = PBXFileReference; lastKnownFileType = sourcecode.swift; path = SouvenirsTests.swift; sourceTree = "<group>"; };
		C39CBE822020F850009BBF02 /* Info.plist */ = {isa = PBXFileReference; lastKnownFileType = text.plist.xml; path = Info.plist; sourceTree = "<group>"; };
		C39CBE872020F850009BBF02 /* SouvenirsUITests.xctest */ = {isa = PBXFileReference; explicitFileType = wrapper.cfbundle; includeInIndex = 0; path = SouvenirsUITests.xctest; sourceTree = BUILT_PRODUCTS_DIR; };
		C39CBE8B2020F850009BBF02 /* SouvenirsUITests.swift */ = {isa = PBXFileReference; lastKnownFileType = sourcecode.swift; path = SouvenirsUITests.swift; sourceTree = "<group>"; };
		C39CBE8D2020F850009BBF02 /* Info.plist */ = {isa = PBXFileReference; lastKnownFileType = text.plist.xml; path = Info.plist; sourceTree = "<group>"; };
/* End PBXFileReference section */

/* Begin PBXFrameworksBuildPhase section */
		C39CBE652020F84F009BBF02 /* Frameworks */ = {
			isa = PBXFrameworksBuildPhase;
			buildActionMask = 2147483647;
			files = (
			);
			runOnlyForDeploymentPostprocessing = 0;
		};
		C39CBE792020F850009BBF02 /* Frameworks */ = {
			isa = PBXFrameworksBuildPhase;
			buildActionMask = 2147483647;
			files = (
			);
			runOnlyForDeploymentPostprocessing = 0;
		};
		C39CBE842020F850009BBF02 /* Frameworks */ = {
			isa = PBXFrameworksBuildPhase;
			buildActionMask = 2147483647;
			files = (
			);
			runOnlyForDeploymentPostprocessing = 0;
		};
/* End PBXFrameworksBuildPhase section */

/* Begin PBXGroup section */
		C329A5AC202459FF006CE55B /* Model */ = {
			isa = PBXGroup;
			children = (
				C329A5AD20245C5E006CE55B /* Template.swift */,
			);
			path = Model;
			sourceTree = "<group>";
		};
		C329A5AF20245FE1006CE55B /* Resource */ = {
			isa = PBXGroup;
			children = (
				C329A5B020245FF0006CE55B /* Image */,
			);
			path = Resource;
			sourceTree = "<group>";
		};
		C329A5B020245FF0006CE55B /* Image */ = {
			isa = PBXGroup;
			children = (
				C329A5B120245FF9006CE55B /* Template */,
			);
			path = Image;
			sourceTree = "<group>";
		};
		C329A5B120245FF9006CE55B /* Template */ = {
			isa = PBXGroup;
			children = (
				C329A5B320246411006CE55B /* budmeme_bg.png */,
				C329A5B520246411006CE55B /* dankweed_bg.png */,
				C329A5B420246411006CE55B /* winnerbest1_bg.png */,
				C329A5B220246411006CE55B /* winnerbest2_bg.png */,
			);
			path = Template;
			sourceTree = "<group>";
		};
		C329A5BA2024673A006CE55B /* TemplateCell */ = {
			isa = PBXGroup;
			children = (
				C329A5BB20246842006CE55B /* TemplateCollectionViewCell.swift */,
			);
			path = TemplateCell;
			sourceTree = "<group>";
		};
		C329A5C020250257006CE55B /* DraggableImageView */ = {
			isa = PBXGroup;
			children = (
				C329A5C12025027C006CE55B /* DraggableImageView.swift */,
			);
			path = DraggableImageView;
			sourceTree = "<group>";
		};
		C346D71E20230D4A00AACFED /* View */ = {
			isa = PBXGroup;
			children = (
				C329A5C020250257006CE55B /* DraggableImageView */,
				C329A5BA2024673A006CE55B /* TemplateCell */,
				C346D71F20230D4A00AACFED /* LaunchScreen.storyboard */,
				C346D72120230D4A00AACFED /* Main.storyboard */,
			);
			path = View;
			sourceTree = "<group>";
		};
		C346D7252023135000AACFED /* Controller */ = {
			isa = PBXGroup;
			children = (
				C383313E20237252007339C1 /* LandingViewController.swift */,
				C329A5AA2024553B006CE55B /* SelectViewController.swift */,
				C329A5BD2024C95C006CE55B /* MainViewController.swift */,
			);
			path = Controller;
			sourceTree = "<group>";
		};
		C39CBE5F2020F84F009BBF02 = {
			isa = PBXGroup;
			children = (
				C39CBE6A2020F84F009BBF02 /* Souvenirs */,
				C39CBE7F2020F850009BBF02 /* SouvenirsTests */,
				C39CBE8A2020F850009BBF02 /* SouvenirsUITests */,
				C39CBE692020F84F009BBF02 /* Products */,
			);
			sourceTree = "<group>";
		};
		C39CBE692020F84F009BBF02 /* Products */ = {
			isa = PBXGroup;
			children = (
				C39CBE682020F84F009BBF02 /* Souvenirs.app */,
				C39CBE7C2020F850009BBF02 /* SouvenirsTests.xctest */,
				C39CBE872020F850009BBF02 /* SouvenirsUITests.xctest */,
			);
			name = Products;
			sourceTree = "<group>";
		};
		C39CBE6A2020F84F009BBF02 /* Souvenirs */ = {
			isa = PBXGroup;
			children = (
				C329A5AF20245FE1006CE55B /* Resource */,
				C329A5AC202459FF006CE55B /* Model */,
				C346D7252023135000AACFED /* Controller */,
				C346D71E20230D4A00AACFED /* View */,
				C39CBE6B2020F84F009BBF02 /* AppDelegate.swift */,
				C39CBE722020F84F009BBF02 /* Assets.xcassets */,
				C39CBE772020F84F009BBF02 /* Info.plist */,
			);
			path = Souvenirs;
			sourceTree = "<group>";
		};
		C39CBE7F2020F850009BBF02 /* SouvenirsTests */ = {
			isa = PBXGroup;
			children = (
				C39CBE802020F850009BBF02 /* SouvenirsTests.swift */,
				C39CBE822020F850009BBF02 /* Info.plist */,
			);
			path = SouvenirsTests;
			sourceTree = "<group>";
		};
		C39CBE8A2020F850009BBF02 /* SouvenirsUITests */ = {
			isa = PBXGroup;
			children = (
				C39CBE8B2020F850009BBF02 /* SouvenirsUITests.swift */,
				C39CBE8D2020F850009BBF02 /* Info.plist */,
			);
			path = SouvenirsUITests;
			sourceTree = "<group>";
		};
/* End PBXGroup section */

/* Begin PBXNativeTarget section */
		C39CBE672020F84F009BBF02 /* Souvenirs */ = {
			isa = PBXNativeTarget;
			buildConfigurationList = C39CBE902020F850009BBF02 /* Build configuration list for PBXNativeTarget "Souvenirs" */;
			buildPhases = (
				C39CBE642020F84F009BBF02 /* Sources */,
				C39CBE652020F84F009BBF02 /* Frameworks */,
				C39CBE662020F84F009BBF02 /* Resources */,
			);
			buildRules = (
			);
			dependencies = (
			);
			name = Souvenirs;
			productName = Souvenirs;
			productReference = C39CBE682020F84F009BBF02 /* Souvenirs.app */;
			productType = "com.apple.product-type.application";
		};
		C39CBE7B2020F850009BBF02 /* SouvenirsTests */ = {
			isa = PBXNativeTarget;
			buildConfigurationList = C39CBE932020F850009BBF02 /* Build configuration list for PBXNativeTarget "SouvenirsTests" */;
			buildPhases = (
				C39CBE782020F850009BBF02 /* Sources */,
				C39CBE792020F850009BBF02 /* Frameworks */,
				C39CBE7A2020F850009BBF02 /* Resources */,
			);
			buildRules = (
			);
			dependencies = (
				C39CBE7E2020F850009BBF02 /* PBXTargetDependency */,
			);
			name = SouvenirsTests;
			productName = SouvenirsTests;
			productReference = C39CBE7C2020F850009BBF02 /* SouvenirsTests.xctest */;
			productType = "com.apple.product-type.bundle.unit-test";
		};
		C39CBE862020F850009BBF02 /* SouvenirsUITests */ = {
			isa = PBXNativeTarget;
			buildConfigurationList = C39CBE962020F850009BBF02 /* Build configuration list for PBXNativeTarget "SouvenirsUITests" */;
			buildPhases = (
				C39CBE832020F850009BBF02 /* Sources */,
				C39CBE842020F850009BBF02 /* Frameworks */,
				C39CBE852020F850009BBF02 /* Resources */,
			);
			buildRules = (
			);
			dependencies = (
				C39CBE892020F850009BBF02 /* PBXTargetDependency */,
			);
			name = SouvenirsUITests;
			productName = SouvenirsUITests;
			productReference = C39CBE872020F850009BBF02 /* SouvenirsUITests.xctest */;
			productType = "com.apple.product-type.bundle.ui-testing";
		};
/* End PBXNativeTarget section */

/* Begin PBXProject section */
		C39CBE602020F84F009BBF02 /* Project object */ = {
			isa = PBXProject;
			attributes = {
				LastSwiftUpdateCheck = 0910;
				LastUpgradeCheck = 0910;
				ORGANIZATIONNAME = Administrator;
				TargetAttributes = {
					C39CBE672020F84F009BBF02 = {
						CreatedOnToolsVersion = 9.1;
						ProvisioningStyle = Automatic;
					};
					C39CBE7B2020F850009BBF02 = {
						CreatedOnToolsVersion = 9.1;
						ProvisioningStyle = Automatic;
						TestTargetID = C39CBE672020F84F009BBF02;
					};
					C39CBE862020F850009BBF02 = {
						CreatedOnToolsVersion = 9.1;
						ProvisioningStyle = Automatic;
						TestTargetID = C39CBE672020F84F009BBF02;
					};
				};
			};
			buildConfigurationList = C39CBE632020F84F009BBF02 /* Build configuration list for PBXProject "Souvenirs" */;
			compatibilityVersion = "Xcode 8.0";
			developmentRegion = en;
			hasScannedForEncodings = 0;
			knownRegions = (
				en,
				Base,
			);
			mainGroup = C39CBE5F2020F84F009BBF02;
			productRefGroup = C39CBE692020F84F009BBF02 /* Products */;
			projectDirPath = "";
			projectRoot = "";
			targets = (
				C39CBE672020F84F009BBF02 /* Souvenirs */,
				C39CBE7B2020F850009BBF02 /* SouvenirsTests */,
				C39CBE862020F850009BBF02 /* SouvenirsUITests */,
			);
		};
/* End PBXProject section */

/* Begin PBXResourcesBuildPhase section */
		C39CBE662020F84F009BBF02 /* Resources */ = {
			isa = PBXResourcesBuildPhase;
			buildActionMask = 2147483647;
			files = (
				C329A5B920246412006CE55B /* dankweed_bg.png in Resources */,
				C329A5B620246412006CE55B /* winnerbest2_bg.png in Resources */,
				C346D72420230D4B00AACFED /* Main.storyboard in Resources */,
				C346D72320230D4B00AACFED /* LaunchScreen.storyboard in Resources */,
				C329A5B820246412006CE55B /* winnerbest1_bg.png in Resources */,
				C39CBE732020F84F009BBF02 /* Assets.xcassets in Resources */,
				C329A5B720246412006CE55B /* budmeme_bg.png in Resources */,
			);
			runOnlyForDeploymentPostprocessing = 0;
		};
		C39CBE7A2020F850009BBF02 /* Resources */ = {
			isa = PBXResourcesBuildPhase;
			buildActionMask = 2147483647;
			files = (
			);
			runOnlyForDeploymentPostprocessing = 0;
		};
		C39CBE852020F850009BBF02 /* Resources */ = {
			isa = PBXResourcesBuildPhase;
			buildActionMask = 2147483647;
			files = (
			);
			runOnlyForDeploymentPostprocessing = 0;
		};
/* End PBXResourcesBuildPhase section */

/* Begin PBXSourcesBuildPhase section */
		C39CBE642020F84F009BBF02 /* Sources */ = {
			isa = PBXSourcesBuildPhase;
			buildActionMask = 2147483647;
			files = (
				C329A5AE20245C5E006CE55B /* Template.swift in Sources */,
				C329A5AB2024553B006CE55B /* SelectViewController.swift in Sources */,
				C383313F20237252007339C1 /* LandingViewController.swift in Sources */,
				C329A5C22025027C006CE55B /* DraggableImageView.swift in Sources */,
				C329A5BE2024C95C006CE55B /* MainViewController.swift in Sources */,
				C329A5BC20246842006CE55B /* TemplateCollectionViewCell.swift in Sources */,
				C39CBE6C2020F84F009BBF02 /* AppDelegate.swift in Sources */,
			);
			runOnlyForDeploymentPostprocessing = 0;
		};
		C39CBE782020F850009BBF02 /* Sources */ = {
			isa = PBXSourcesBuildPhase;
			buildActionMask = 2147483647;
			files = (
				C39CBE812020F850009BBF02 /* SouvenirsTests.swift in Sources */,
			);
			runOnlyForDeploymentPostprocessing = 0;
		};
		C39CBE832020F850009BBF02 /* Sources */ = {
			isa = PBXSourcesBuildPhase;
			buildActionMask = 2147483647;
			files = (
				C39CBE8C2020F850009BBF02 /* SouvenirsUITests.swift in Sources */,
			);
			runOnlyForDeploymentPostprocessing = 0;
		};
/* End PBXSourcesBuildPhase section */

/* Begin PBXTargetDependency section */
		C39CBE7E2020F850009BBF02 /* PBXTargetDependency */ = {
			isa = PBXTargetDependency;
			target = C39CBE672020F84F009BBF02 /* Souvenirs */;
			targetProxy = C39CBE7D2020F850009BBF02 /* PBXContainerItemProxy */;
		};
		C39CBE892020F850009BBF02 /* PBXTargetDependency */ = {
			isa = PBXTargetDependency;
			target = C39CBE672020F84F009BBF02 /* Souvenirs */;
			targetProxy = C39CBE882020F850009BBF02 /* PBXContainerItemProxy */;
		};
/* End PBXTargetDependency section */

/* Begin PBXVariantGroup section */
		C346D71F20230D4A00AACFED /* LaunchScreen.storyboard */ = {
			isa = PBXVariantGroup;
			children = (
				C346D72020230D4A00AACFED /* Base */,
			);
			name = LaunchScreen.storyboard;
			sourceTree = "<group>";
		};
		C346D72120230D4A00AACFED /* Main.storyboard */ = {
			isa = PBXVariantGroup;
			children = (
				C346D72220230D4A00AACFED /* Base */,
			);
			name = Main.storyboard;
			sourceTree = "<group>";
		};
/* End PBXVariantGroup section */

/* Begin XCBuildConfiguration section */
		C39CBE8E2020F850009BBF02 /* Debug */ = {
			isa = XCBuildConfiguration;
			buildSettings = {
				ALWAYS_SEARCH_USER_PATHS = NO;
				CLANG_ANALYZER_NONNULL = YES;
				CLANG_ANALYZER_NUMBER_OBJECT_CONVERSION = YES_AGGRESSIVE;
				CLANG_CXX_LANGUAGE_STANDARD = "gnu++14";
				CLANG_CXX_LIBRARY = "libc++";
				CLANG_ENABLE_MODULES = YES;
				CLANG_ENABLE_OBJC_ARC = YES;
				CLANG_WARN_BLOCK_CAPTURE_AUTORELEASING = YES;
				CLANG_WARN_BOOL_CONVERSION = YES;
				CLANG_WARN_COMMA = YES;
				CLANG_WARN_CONSTANT_CONVERSION = YES;
				CLANG_WARN_DIRECT_OBJC_ISA_USAGE = YES_ERROR;
				CLANG_WARN_DOCUMENTATION_COMMENTS = YES;
				CLANG_WARN_EMPTY_BODY = YES;
				CLANG_WARN_ENUM_CONVERSION = YES;
				CLANG_WARN_INFINITE_RECURSION = YES;
				CLANG_WARN_INT_CONVERSION = YES;
				CLANG_WARN_NON_LITERAL_NULL_CONVERSION = YES;
				CLANG_WARN_OBJC_LITERAL_CONVERSION = YES;
				CLANG_WARN_OBJC_ROOT_CLASS = YES_ERROR;
				CLANG_WARN_RANGE_LOOP_ANALYSIS = YES;
				CLANG_WARN_STRICT_PROTOTYPES = YES;
				CLANG_WARN_SUSPICIOUS_MOVE = YES;
				CLANG_WARN_UNGUARDED_AVAILABILITY = YES_AGGRESSIVE;
				CLANG_WARN_UNREACHABLE_CODE = YES;
				CLANG_WARN__DUPLICATE_METHOD_MATCH = YES;
				CODE_SIGN_IDENTITY = "iPhone Developer";
				COPY_PHASE_STRIP = NO;
				DEBUG_INFORMATION_FORMAT = dwarf;
				ENABLE_STRICT_OBJC_MSGSEND = YES;
				ENABLE_TESTABILITY = YES;
				GCC_C_LANGUAGE_STANDARD = gnu11;
				GCC_DYNAMIC_NO_PIC = NO;
				GCC_NO_COMMON_BLOCKS = YES;
				GCC_OPTIMIZATION_LEVEL = 0;
				GCC_PREPROCESSOR_DEFINITIONS = (
					"DEBUG=1",
					"$(inherited)",
				);
				GCC_WARN_64_TO_32_BIT_CONVERSION = YES;
				GCC_WARN_ABOUT_RETURN_TYPE = YES_ERROR;
				GCC_WARN_UNDECLARED_SELECTOR = YES;
				GCC_WARN_UNINITIALIZED_AUTOS = YES_AGGRESSIVE;
				GCC_WARN_UNUSED_FUNCTION = YES;
				GCC_WARN_UNUSED_VARIABLE = YES;
				IPHONEOS_DEPLOYMENT_TARGET = 11.1;
				MTL_ENABLE_DEBUG_INFO = YES;
				ONLY_ACTIVE_ARCH = YES;
				SDKROOT = iphoneos;
				SWIFT_ACTIVE_COMPILATION_CONDITIONS = DEBUG;
				SWIFT_OPTIMIZATION_LEVEL = "-Onone";
			};
			name = Debug;
		};
		C39CBE8F2020F850009BBF02 /* Release */ = {
			isa = XCBuildConfiguration;
			buildSettings = {
				ALWAYS_SEARCH_USER_PATHS = NO;
				CLANG_ANALYZER_NONNULL = YES;
				CLANG_ANALYZER_NUMBER_OBJECT_CONVERSION = YES_AGGRESSIVE;
				CLANG_CXX_LANGUAGE_STANDARD = "gnu++14";
				CLANG_CXX_LIBRARY = "libc++";
				CLANG_ENABLE_MODULES = YES;
				CLANG_ENABLE_OBJC_ARC = YES;
				CLANG_WARN_BLOCK_CAPTURE_AUTORELEASING = YES;
				CLANG_WARN_BOOL_CONVERSION = YES;
				CLANG_WARN_COMMA = YES;
				CLANG_WARN_CONSTANT_CONVERSION = YES;
				CLANG_WARN_DIRECT_OBJC_ISA_USAGE = YES_ERROR;
				CLANG_WARN_DOCUMENTATION_COMMENTS = YES;
				CLANG_WARN_EMPTY_BODY = YES;
				CLANG_WARN_ENUM_CONVERSION = YES;
				CLANG_WARN_INFINITE_RECURSION = YES;
				CLANG_WARN_INT_CONVERSION = YES;
				CLANG_WARN_NON_LITERAL_NULL_CONVERSION = YES;
				CLANG_WARN_OBJC_LITERAL_CONVERSION = YES;
				CLANG_WARN_OBJC_ROOT_CLASS = YES_ERROR;
				CLANG_WARN_RANGE_LOOP_ANALYSIS = YES;
				CLANG_WARN_STRICT_PROTOTYPES = YES;
				CLANG_WARN_SUSPICIOUS_MOVE = YES;
				CLANG_WARN_UNGUARDED_AVAILABILITY = YES_AGGRESSIVE;
				CLANG_WARN_UNREACHABLE_CODE = YES;
				CLANG_WARN__DUPLICATE_METHOD_MATCH = YES;
				CODE_SIGN_IDENTITY = "iPhone Developer";
				COPY_PHASE_STRIP = NO;
				DEBUG_INFORMATION_FORMAT = "dwarf-with-dsym";
				ENABLE_NS_ASSERTIONS = NO;
				ENABLE_STRICT_OBJC_MSGSEND = YES;
				GCC_C_LANGUAGE_STANDARD = gnu11;
				GCC_NO_COMMON_BLOCKS = YES;
				GCC_WARN_64_TO_32_BIT_CONVERSION = YES;
				GCC_WARN_ABOUT_RETURN_TYPE = YES_ERROR;
				GCC_WARN_UNDECLARED_SELECTOR = YES;
				GCC_WARN_UNINITIALIZED_AUTOS = YES_AGGRESSIVE;
				GCC_WARN_UNUSED_FUNCTION = YES;
				GCC_WARN_UNUSED_VARIABLE = YES;
				IPHONEOS_DEPLOYMENT_TARGET = 11.1;
				MTL_ENABLE_DEBUG_INFO = NO;
				SDKROOT = iphoneos;
				SWIFT_OPTIMIZATION_LEVEL = "-Owholemodule";
				VALIDATE_PRODUCT = YES;
			};
			name = Release;
		};
		C39CBE912020F850009BBF02 /* Debug */ = {
			isa = XCBuildConfiguration;
			buildSettings = {
				ASSETCATALOG_COMPILER_APPICON_NAME = AppIcon;
				CODE_SIGN_STYLE = Automatic;
				INFOPLIST_FILE = Souvenirs/Info.plist;
				LD_RUNPATH_SEARCH_PATHS = "$(inherited) @executable_path/Frameworks";
				PRODUCT_BUNDLE_IDENTIFIER = com.minh.Souvenirs;
				PRODUCT_NAME = "$(TARGET_NAME)";
				SWIFT_VERSION = 4.0;
				TARGETED_DEVICE_FAMILY = "1,2";
			};
			name = Debug;
		};
		C39CBE922020F850009BBF02 /* Release */ = {
			isa = XCBuildConfiguration;
			buildSettings = {
				ASSETCATALOG_COMPILER_APPICON_NAME = AppIcon;
				CODE_SIGN_STYLE = Automatic;
				INFOPLIST_FILE = Souvenirs/Info.plist;
				LD_RUNPATH_SEARCH_PATHS = "$(inherited) @executable_path/Frameworks";
				PRODUCT_BUNDLE_IDENTIFIER = com.minh.Souvenirs;
				PRODUCT_NAME = "$(TARGET_NAME)";
				SWIFT_VERSION = 4.0;
				TARGETED_DEVICE_FAMILY = "1,2";
			};
			name = Release;
		};
		C39CBE942020F850009BBF02 /* Debug */ = {
			isa = XCBuildConfiguration;
			buildSettings = {
				ALWAYS_EMBED_SWIFT_STANDARD_LIBRARIES = YES;
				BUNDLE_LOADER = "$(TEST_HOST)";
				CODE_SIGN_STYLE = Automatic;
				INFOPLIST_FILE = SouvenirsTests/Info.plist;
				LD_RUNPATH_SEARCH_PATHS = "$(inherited) @executable_path/Frameworks @loader_path/Frameworks";
				PRODUCT_BUNDLE_IDENTIFIER = com.minh.SouvenirsTests;
				PRODUCT_NAME = "$(TARGET_NAME)";
				SWIFT_VERSION = 4.0;
				TARGETED_DEVICE_FAMILY = "1,2";
				TEST_HOST = "$(BUILT_PRODUCTS_DIR)/Souvenirs.app/Souvenirs";
			};
			name = Debug;
		};
		C39CBE952020F850009BBF02 /* Release */ = {
			isa = XCBuildConfiguration;
			buildSettings = {
				ALWAYS_EMBED_SWIFT_STANDARD_LIBRARIES = YES;
				BUNDLE_LOADER = "$(TEST_HOST)";
				CODE_SIGN_STYLE = Automatic;
				INFOPLIST_FILE = SouvenirsTests/Info.plist;
				LD_RUNPATH_SEARCH_PATHS = "$(inherited) @executable_path/Frameworks @loader_path/Frameworks";
				PRODUCT_BUNDLE_IDENTIFIER = com.minh.SouvenirsTests;
				PRODUCT_NAME = "$(TARGET_NAME)";
				SWIFT_VERSION = 4.0;
				TARGETED_DEVICE_FAMILY = "1,2";
				TEST_HOST = "$(BUILT_PRODUCTS_DIR)/Souvenirs.app/Souvenirs";
			};
			name = Release;
		};
		C39CBE972020F850009BBF02 /* Debug */ = {
			isa = XCBuildConfiguration;
			buildSettings = {
				ALWAYS_EMBED_SWIFT_STANDARD_LIBRARIES = YES;
				CODE_SIGN_STYLE = Automatic;
				INFOPLIST_FILE = SouvenirsUITests/Info.plist;
				LD_RUNPATH_SEARCH_PATHS = "$(inherited) @executable_path/Frameworks @loader_path/Frameworks";
				PRODUCT_BUNDLE_IDENTIFIER = com.minh.SouvenirsUITests;
				PRODUCT_NAME = "$(TARGET_NAME)";
				SWIFT_VERSION = 4.0;
				TARGETED_DEVICE_FAMILY = "1,2";
				TEST_TARGET_NAME = Souvenirs;
			};
			name = Debug;
		};
		C39CBE982020F850009BBF02 /* Release */ = {
			isa = XCBuildConfiguration;
			buildSettings = {
				ALWAYS_EMBED_SWIFT_STANDARD_LIBRARIES = YES;
				CODE_SIGN_STYLE = Automatic;
				INFOPLIST_FILE = SouvenirsUITests/Info.plist;
				LD_RUNPATH_SEARCH_PATHS = "$(inherited) @executable_path/Frameworks @loader_path/Frameworks";
				PRODUCT_BUNDLE_IDENTIFIER = com.minh.SouvenirsUITests;
				PRODUCT_NAME = "$(TARGET_NAME)";
				SWIFT_VERSION = 4.0;
				TARGETED_DEVICE_FAMILY = "1,2";
				TEST_TARGET_NAME = Souvenirs;
			};
			name = Release;
		};
/* End XCBuildConfiguration section */

/* Begin XCConfigurationList section */
		C39CBE632020F84F009BBF02 /* Build configuration list for PBXProject "Souvenirs" */ = {
			isa = XCConfigurationList;
			buildConfigurations = (
				C39CBE8E2020F850009BBF02 /* Debug */,
				C39CBE8F2020F850009BBF02 /* Release */,
			);
			defaultConfigurationIsVisible = 0;
			defaultConfigurationName = Release;
		};
		C39CBE902020F850009BBF02 /* Build configuration list for PBXNativeTarget "Souvenirs" */ = {
			isa = XCConfigurationList;
			buildConfigurations = (
				C39CBE912020F850009BBF02 /* Debug */,
				C39CBE922020F850009BBF02 /* Release */,
			);
			defaultConfigurationIsVisible = 0;
			defaultConfigurationName = Release;
		};
		C39CBE932020F850009BBF02 /* Build configuration list for PBXNativeTarget "SouvenirsTests" */ = {
			isa = XCConfigurationList;
			buildConfigurations = (
				C39CBE942020F850009BBF02 /* Debug */,
				C39CBE952020F850009BBF02 /* Release */,
			);
			defaultConfigurationIsVisible = 0;
			defaultConfigurationName = Release;
		};
		C39CBE962020F850009BBF02 /* Build configuration list for PBXNativeTarget "SouvenirsUITests" */ = {
			isa = XCConfigurationList;
			buildConfigurations = (
				C39CBE972020F850009BBF02 /* Debug */,
				C39CBE982020F850009BBF02 /* Release */,
			);
			defaultConfigurationIsVisible = 0;
			defaultConfigurationName = Release;
		};
/* End XCConfigurationList section */
	};
	rootObject = C39CBE602020F84F009BBF02 /* Project object */;
}
